// !$*UTF8*$!
{
	archiveVersion = 1;
	classes = {
	};
	objectVersion = 46;
	objects = {

/* Begin PBXBuildFile section */
		73442DC01B12805B00F3A7ED /* Dividend.m in Sources */ = {isa = PBXBuildFile; fileRef = 73442DBF1B12805B00F3A7ED /* Dividend.m */; };
		73442DC41B139B4600F3A7ED /* TransactionTableViewCell.m in Sources */ = {isa = PBXBuildFile; fileRef = 73442DC31B139B4600F3A7ED /* TransactionTableViewCell.m */; };
		73442DCB1B13E72900F3A7ED /* FinancialDataModel.xcdatamodeld in Sources */ = {isa = PBXBuildFile; fileRef = 73442DC91B13E72900F3A7ED /* FinancialDataModel.xcdatamodeld */; };
		73442DCC1B13E74D00F3A7ED /* DJI_001A.sqlite in Resources */ = {isa = PBXBuildFile; fileRef = 73442DC81B13E72200F3A7ED /* DJI_001A.sqlite */; };
		73442DCF1B13E81000F3A7ED /* Scenario.m in Sources */ = {isa = PBXBuildFile; fileRef = 73442DCE1B13E81000F3A7ED /* Scenario.m */; };
		73442DD61B1407D200F3A7ED /* CompanyDisguiseManager.m in Sources */ = {isa = PBXBuildFile; fileRef = 73442DD51B1407D200F3A7ED /* CompanyDisguiseManager.m */; };
		73442DE21B1672E800F3A7ED /* SettingsTableViewController.m in Sources */ = {isa = PBXBuildFile; fileRef = 73442DE11B1672E800F3A7ED /* SettingsTableViewController.m */; };
		734A86BA1B3383A700D1D60E /* LevelUpViewController.m in Sources */ = {isa = PBXBuildFile; fileRef = 734A86B91B3383A700D1D60E /* LevelUpViewController.m */; };
		734A86C01B33B62200D1D60E /* AboutTableViewController.m in Sources */ = {isa = PBXBuildFile; fileRef = 734A86BF1B33B62200D1D60E /* AboutTableViewController.m */; };
		734A86C31B33CEC900D1D60E /* LicensesViewController.m in Sources */ = {isa = PBXBuildFile; fileRef = 734A86C21B33CEC900D1D60E /* LicensesViewController.m */; };
		739ABCB61B0162F6009EFC0E /* main.m in Sources */ = {isa = PBXBuildFile; fileRef = 739ABCB51B0162F6009EFC0E /* main.m */; };
		739ABCD01B0162F6009EFC0E /* Hi_InvestTests.m in Sources */ = {isa = PBXBuildFile; fileRef = 739ABCCF1B0162F6009EFC0E /* Hi_InvestTests.m */; };
		739ABCDE1B016390009EFC0E /* AppDelegate.m in Sources */ = {isa = PBXBuildFile; fileRef = 739ABCDD1B016390009EFC0E /* AppDelegate.m */; };
		739ABCE21B0163B4009EFC0E /* BalanceSheet.m in Sources */ = {isa = PBXBuildFile; fileRef = 739ABCE11B0163B4009EFC0E /* BalanceSheet.m */; };
		739ABCE61B0163D8009EFC0E /* BuySellTableViewController.m in Sources */ = {isa = PBXBuildFile; fileRef = 739ABCE51B0163D8009EFC0E /* BuySellTableViewController.m */; };
		739ABCE91B0163E1009EFC0E /* CashFlow.m in Sources */ = {isa = PBXBuildFile; fileRef = 739ABCE81B0163E1009EFC0E /* CashFlow.m */; };
		739ABD051B0163EF009EFC0E /* BEMAnalogClockView.m in Sources */ = {isa = PBXBuildFile; fileRef = 739ABCED1B0163EF009EFC0E /* BEMAnalogClockView.m */; };
		739ABD061B0163EF009EFC0E /* KSMHand.m in Sources */ = {isa = PBXBuildFile; fileRef = 739ABCEF1B0163EF009EFC0E /* KSMHand.m */; };
		739ABD071B0163EF009EFC0E /* BEMAverageLine.m in Sources */ = {isa = PBXBuildFile; fileRef = 739ABCF21B0163EF009EFC0E /* BEMAverageLine.m */; };
		739ABD081B0163EF009EFC0E /* BEMCircle.m in Sources */ = {isa = PBXBuildFile; fileRef = 739ABCF41B0163EF009EFC0E /* BEMCircle.m */; };
		739ABD091B0163EF009EFC0E /* BEMLine.m in Sources */ = {isa = PBXBuildFile; fileRef = 739ABCF61B0163EF009EFC0E /* BEMLine.m */; };
		739ABD0A1B0163EF009EFC0E /* BEMPermanentPopupView.m in Sources */ = {isa = PBXBuildFile; fileRef = 739ABCF81B0163EF009EFC0E /* BEMPermanentPopupView.m */; };
		739ABD0B1B0163EF009EFC0E /* BEMSimpleLineGraphView.m in Sources */ = {isa = PBXBuildFile; fileRef = 739ABCFA1B0163EF009EFC0E /* BEMSimpleLineGraphView.m */; };
		739ABD0C1B0163EF009EFC0E /* RECommonFunctions.m in Sources */ = {isa = PBXBuildFile; fileRef = 739ABCFD1B0163EF009EFC0E /* RECommonFunctions.m */; };
		739ABD0D1B0163EF009EFC0E /* RESideMenu.m in Sources */ = {isa = PBXBuildFile; fileRef = 739ABCFF1B0163EF009EFC0E /* RESideMenu.m */; };
		739ABD0E1B0163EF009EFC0E /* UIViewController+RESideMenu.m in Sources */ = {isa = PBXBuildFile; fileRef = 739ABD011B0163EF009EFC0E /* UIViewController+RESideMenu.m */; };
		739ABD0F1B0163EF009EFC0E /* XYPieChart.m in Sources */ = {isa = PBXBuildFile; fileRef = 739ABD041B0163EF009EFC0E /* XYPieChart.m */; };
		739ABD151B01644B009EFC0E /* CompaniesViewController.m in Sources */ = {isa = PBXBuildFile; fileRef = 739ABD141B01644B009EFC0E /* CompaniesViewController.m */; };
		739ABD181B016453009EFC0E /* Company.m in Sources */ = {isa = PBXBuildFile; fileRef = 739ABD171B016453009EFC0E /* Company.m */; };
		739ABD1B1B01645F009EFC0E /* CompanyInfoViewController.m in Sources */ = {isa = PBXBuildFile; fileRef = 739ABD1A1B01645F009EFC0E /* CompanyInfoViewController.m */; };
		739ABD1E1B016466009EFC0E /* CompanyRatioInfoViewController.m in Sources */ = {isa = PBXBuildFile; fileRef = 739ABD1D1B016466009EFC0E /* CompanyRatioInfoViewController.m */; };
		739ABD231B01647F009EFC0E /* CompanyTableViewCell.m in Sources */ = {isa = PBXBuildFile; fileRef = 739ABD211B01647F009EFC0E /* CompanyTableViewCell.m */; };
		739ABD2E1B0164DB009EFC0E /* DefaultColors.m in Sources */ = {isa = PBXBuildFile; fileRef = 739ABD2D1B0164DB009EFC0E /* DefaultColors.m */; };
		739ABD321B0164F8009EFC0E /* DefinitionViewController.m in Sources */ = {isa = PBXBuildFile; fileRef = 739ABD311B0164F8009EFC0E /* DefinitionViewController.m */; };
		739ABD351B016505009EFC0E /* FinancialDatabaseManager.m in Sources */ = {isa = PBXBuildFile; fileRef = 739ABD341B016505009EFC0E /* FinancialDatabaseManager.m */; };
		739ABD3E1B016536009EFC0E /* Images.xcassets in Resources */ = {isa = PBXBuildFile; fileRef = 739ABD3D1B016536009EFC0E /* Images.xcassets */; };
		739ABD411B016544009EFC0E /* IncomeStatement.m in Sources */ = {isa = PBXBuildFile; fileRef = 739ABD401B016544009EFC0E /* IncomeStatement.m */; };
		739ABD441B01656B009EFC0E /* InfoPageContentViewController.m in Sources */ = {isa = PBXBuildFile; fileRef = 739ABD431B01656B009EFC0E /* InfoPageContentViewController.m */; };
		739ABD471B0165A8009EFC0E /* InitialViewController.m in Sources */ = {isa = PBXBuildFile; fileRef = 739ABD461B0165A8009EFC0E /* InitialViewController.m */; };
		739ABD4A1B0165B9009EFC0E /* InvestingGame.m in Sources */ = {isa = PBXBuildFile; fileRef = 739ABD491B0165B9009EFC0E /* InvestingGame.m */; };
		739ABD4C1B0165C0009EFC0E /* LaunchScreen.xib in Resources */ = {isa = PBXBuildFile; fileRef = 739ABD4B1B0165C0009EFC0E /* LaunchScreen.xib */; };
		739ABD501B0165E6009EFC0E /* LeftMenuViewController.m in Sources */ = {isa = PBXBuildFile; fileRef = 739ABD4F1B0165E6009EFC0E /* LeftMenuViewController.m */; };
		739ABD521B0165EE009EFC0E /* Main_iPhone.storyboard in Resources */ = {isa = PBXBuildFile; fileRef = 739ABD511B0165EE009EFC0E /* Main_iPhone.storyboard */; };
		739ABD551B0165FC009EFC0E /* ManagedObjectContextCreator.m in Sources */ = {isa = PBXBuildFile; fileRef = 739ABD541B0165FC009EFC0E /* ManagedObjectContextCreator.m */; };
		739ABD591B01660D009EFC0E /* Portfolio.m in Sources */ = {isa = PBXBuildFile; fileRef = 739ABD581B01660D009EFC0E /* Portfolio.m */; };
		739ABD601B01662E009EFC0E /* PortfolioPicture.m in Sources */ = {isa = PBXBuildFile; fileRef = 739ABD5F1B01662E009EFC0E /* PortfolioPicture.m */; };
		739ABD6A1B016656009EFC0E /* PortfolioPieChartViewController.m in Sources */ = {isa = PBXBuildFile; fileRef = 739ABD631B016656009EFC0E /* PortfolioPieChartViewController.m */; };
		739ABD6B1B016656009EFC0E /* PortfolioStockInfoContainerViewController.m in Sources */ = {isa = PBXBuildFile; fileRef = 739ABD651B016656009EFC0E /* PortfolioStockInfoContainerViewController.m */; };
		739ABD6C1B016656009EFC0E /* PortfolioStockInfoViewController.m in Sources */ = {isa = PBXBuildFile; fileRef = 739ABD671B016656009EFC0E /* PortfolioStockInfoViewController.m */; };
		739ABD6D1B016656009EFC0E /* PortfolioTableViewController.m in Sources */ = {isa = PBXBuildFile; fileRef = 739ABD691B016656009EFC0E /* PortfolioTableViewController.m */; };
		739ABD701B016661009EFC0E /* Price.m in Sources */ = {isa = PBXBuildFile; fileRef = 739ABD6F1B016661009EFC0E /* Price.m */; };
		739ABD7A1B016686009EFC0E /* QuizQuestion.m in Sources */ = {isa = PBXBuildFile; fileRef = 739ABD731B016686009EFC0E /* QuizQuestion.m */; };
		739ABD7C1B016686009EFC0E /* QuizSelectionViewController.m in Sources */ = {isa = PBXBuildFile; fileRef = 739ABD771B016686009EFC0E /* QuizSelectionViewController.m */; };
		739ABD7D1B016686009EFC0E /* QuizViewController.m in Sources */ = {isa = PBXBuildFile; fileRef = 739ABD791B016686009EFC0E /* QuizViewController.m */; };
		739ABD811B0166B9009EFC0E /* Report.m in Sources */ = {isa = PBXBuildFile; fileRef = 739ABD801B0166B9009EFC0E /* Report.m */; };
		739ABD891B0166FC009EFC0E /* SelectOrderingValueViewController.m in Sources */ = {isa = PBXBuildFile; fileRef = 739ABD881B0166FC009EFC0E /* SelectOrderingValueViewController.m */; };
		739ABD8C1B01670B009EFC0E /* SideMenuRootViewController.m in Sources */ = {isa = PBXBuildFile; fileRef = 739ABD8B1B01670B009EFC0E /* SideMenuRootViewController.m */; };
		739ABD8F1B01671E009EFC0E /* SimulatorInfoViewController.m in Sources */ = {isa = PBXBuildFile; fileRef = 739ABD8E1B01671E009EFC0E /* SimulatorInfoViewController.m */; };
		739ABD931B016740009EFC0E /* SpeechBubbleView.m in Sources */ = {isa = PBXBuildFile; fileRef = 739ABD921B016740009EFC0E /* SpeechBubbleView.m */; };
		739ABD961B01674E009EFC0E /* StockInvestment.m in Sources */ = {isa = PBXBuildFile; fileRef = 739ABD951B01674E009EFC0E /* StockInvestment.m */; };
		739ABD991B01675C009EFC0E /* TimeSimulationViewController.m in Sources */ = {isa = PBXBuildFile; fileRef = 739ABD981B01675C009EFC0E /* TimeSimulationViewController.m */; };
		73BFF3441B2672270010F9E9 /* GameTableViewCell.m in Sources */ = {isa = PBXBuildFile; fileRef = 73BFF3431B2672270010F9E9 /* GameTableViewCell.m */; };
		73BFF34A1B2683EF0010F9E9 /* UserInfoViewController.m in Sources */ = {isa = PBXBuildFile; fileRef = 73BFF3491B2683EF0010F9E9 /* UserInfoViewController.m */; };
		73BFF34D1B27E6730010F9E9 /* Transaction.m in Sources */ = {isa = PBXBuildFile; fileRef = 73BFF34C1B27E6730010F9E9 /* Transaction.m */; };
		73BFF3501B27E6740010F9E9 /* GameInfo.m in Sources */ = {isa = PBXBuildFile; fileRef = 73BFF34F1B27E6740010F9E9 /* GameInfo.m */; };
		73BFF3531B27E6740010F9E9 /* HistoricalValue.m in Sources */ = {isa = PBXBuildFile; fileRef = 73BFF3521B27E6740010F9E9 /* HistoricalValue.m */; };
		73BFF3561B27E6740010F9E9 /* Ticker.m in Sources */ = {isa = PBXBuildFile; fileRef = 73BFF3551B27E6740010F9E9 /* Ticker.m */; };
		73BFF3D51B2898690010F9E9 /* FBSDKCoreKit.framework in Frameworks */ = {isa = PBXBuildFile; fileRef = 73BFF3B11B2893280010F9E9 /* FBSDKCoreKit.framework */; };
		73BFF3D81B28988D0010F9E9 /* AudioToolbox.framework in Frameworks */ = {isa = PBXBuildFile; fileRef = 73BFF3B71B28970A0010F9E9 /* AudioToolbox.framework */; };
		73BFF3D91B28988E0010F9E9 /* CFNetwork.framework in Frameworks */ = {isa = PBXBuildFile; fileRef = 73BFF3B91B2897100010F9E9 /* CFNetwork.framework */; };
		73BFF3DA1B2898920010F9E9 /* CoreGraphics.framework in Frameworks */ = {isa = PBXBuildFile; fileRef = 73BFF3BB1B2897180010F9E9 /* CoreGraphics.framework */; };
		73BFF3DB1B2898960010F9E9 /* CoreLocation.framework in Frameworks */ = {isa = PBXBuildFile; fileRef = 73BFF3BD1B28971E0010F9E9 /* CoreLocation.framework */; };
		73BFF3DC1B28989E0010F9E9 /* MobileCoreServices.framework in Frameworks */ = {isa = PBXBuildFile; fileRef = 73BFF3BF1B2897270010F9E9 /* MobileCoreServices.framework */; };
		73BFF3DD1B2898A50010F9E9 /* QuartzCore.framework in Frameworks */ = {isa = PBXBuildFile; fileRef = 73BFF3C11B2897320010F9E9 /* QuartzCore.framework */; };
		73BFF3DE1B2898B90010F9E9 /* Security.framework in Frameworks */ = {isa = PBXBuildFile; fileRef = 73BFF3C31B28973F0010F9E9 /* Security.framework */; };
		73BFF3DF1B2898BD0010F9E9 /* StoreKit.framework in Frameworks */ = {isa = PBXBuildFile; fileRef = 73BFF3C51B2897480010F9E9 /* StoreKit.framework */; };
		73BFF3E01B2898C00010F9E9 /* SystemConfiguration.framework in Frameworks */ = {isa = PBXBuildFile; fileRef = 73BFF3C71B2897510010F9E9 /* SystemConfiguration.framework */; };
		73BFF3E11B2898C40010F9E9 /* libz.dylib in Frameworks */ = {isa = PBXBuildFile; fileRef = 73BFF3C91B28975F0010F9E9 /* libz.dylib */; };
		73BFF3E21B2898C70010F9E9 /* libsqlite3.dylib in Frameworks */ = {isa = PBXBuildFile; fileRef = 73BFF3CB1B28976F0010F9E9 /* libsqlite3.dylib */; };
		73BFF3E31B2898CB0010F9E9 /* Accounts.framework in Frameworks */ = {isa = PBXBuildFile; fileRef = 73BFF3CD1B2897780010F9E9 /* Accounts.framework */; };
		73BFF3E41B2898CF0010F9E9 /* Social.framework in Frameworks */ = {isa = PBXBuildFile; fileRef = 73BFF3CF1B2897810010F9E9 /* Social.framework */; };
		73BFF3ED1B289F0C0010F9E9 /* FBSDKLoginKit.framework in Frameworks */ = {isa = PBXBuildFile; fileRef = 73BFF3EC1B289F0C0010F9E9 /* FBSDKLoginKit.framework */; };
		73BFF3EF1B289F180010F9E9 /* FBSDKShareKit.framework in Frameworks */ = {isa = PBXBuildFile; fileRef = 73BFF3EE1B289F180010F9E9 /* FBSDKShareKit.framework */; };
		73BFF3FC1B2953370010F9E9 /* Bolts.framework in Frameworks */ = {isa = PBXBuildFile; fileRef = 73BFF3FB1B2953370010F9E9 /* Bolts.framework */; };
		73BFF3FF1B29534E0010F9E9 /* Parse.framework in Frameworks */ = {isa = PBXBuildFile; fileRef = 73BFF3FD1B29534E0010F9E9 /* Parse.framework */; };
		73BFF4001B29534E0010F9E9 /* ParseFacebookUtilsV4.framework in Frameworks */ = {isa = PBXBuildFile; fileRef = 73BFF3FE1B29534E0010F9E9 /* ParseFacebookUtilsV4.framework */; };
		73D24BE81B1EBF4F001524C4 /* InvestingGameActivityDataModel.xcdatamodeld in Sources */ = {isa = PBXBuildFile; fileRef = 73D24BE61B1EBF4F001524C4 /* InvestingGameActivityDataModel.xcdatamodeld */; };
		73D24C041B1FA1E1001524C4 /* GameInfo+Create.m in Sources */ = {isa = PBXBuildFile; fileRef = 73D24C031B1FA1E1001524C4 /* GameInfo+Create.m */; };
		73D24C131B1FB05E001524C4 /* HistoricalValue+Create.m in Sources */ = {isa = PBXBuildFile; fileRef = 73D24C121B1FB05E001524C4 /* HistoricalValue+Create.m */; };
		73D24C461B1FBF27001524C4 /* Transaction+Create.m in Sources */ = {isa = PBXBuildFile; fileRef = 73D24C451B1FBF27001524C4 /* Transaction+Create.m */; };
		73D24C791B1FCCC9001524C4 /* Ticker+Create.m in Sources */ = {isa = PBXBuildFile; fileRef = 73D24C781B1FCCC9001524C4 /* Ticker+Create.m */; };
		73D7C3691B096A6B00653A4C /* GlossarySelectionViewController.m in Sources */ = {isa = PBXBuildFile; fileRef = 73D7C3681B096A6B00653A4C /* GlossarySelectionViewController.m */; };
		73D7C36C1B0971A700653A4C /* GlossaryViewController.m in Sources */ = {isa = PBXBuildFile; fileRef = 73D7C36B1B0971A700653A4C /* GlossaryViewController.m */; };
		73D7C36F1B0A717F00653A4C /* UserAccountViewController.m in Sources */ = {isa = PBXBuildFile; fileRef = 73D7C36E1B0A717F00653A4C /* UserAccountViewController.m */; };
		73D7C3731B0A7E0700653A4C /* SignupLoginViewController.m in Sources */ = {isa = PBXBuildFile; fileRef = 73D7C3721B0A7E0700653A4C /* SignupLoginViewController.m */; };
		73D7C3861B0AD86C00653A4C /* SimulatorTabBarController.m in Sources */ = {isa = PBXBuildFile; fileRef = 73D7C3851B0AD86C00653A4C /* SimulatorTabBarController.m */; };
		73D7C38B1B0AFB2800653A4C /* QuizTableViewCell.m in Sources */ = {isa = PBXBuildFile; fileRef = 73D7C3891B0AFB2800653A4C /* QuizTableViewCell.m */; };
		73DEE4D81B2170E6007B533C /* FriendsViewController.m in Sources */ = {isa = PBXBuildFile; fileRef = 73DEE4D71B2170E6007B533C /* FriendsViewController.m */; };
		73DEE4DB1B21731C007B533C /* FriendTableViewCell.m in Sources */ = {isa = PBXBuildFile; fileRef = 73DEE4DA1B21731C007B533C /* FriendTableViewCell.m */; };
		73DEE4DE1B217FA1007B533C /* ScenarioPurchaseInfo.m in Sources */ = {isa = PBXBuildFile; fileRef = 73DEE4DD1B217FA1007B533C /* ScenarioPurchaseInfo.m */; };
		73DEE4E11B218240007B533C /* ScenarioInfoViewController.m in Sources */ = {isa = PBXBuildFile; fileRef = 73DEE4E01B218240007B533C /* ScenarioInfoViewController.m */; };
		73E642BF1B1E4CA5005609B0 /* ScenarioTableViewCell.m in Sources */ = {isa = PBXBuildFile; fileRef = 73E642BE1B1E4CA5005609B0 /* ScenarioTableViewCell.m */; };
		73E642C41B1E9110005609B0 /* DEMO_001A.sqlite in Resources */ = {isa = PBXBuildFile; fileRef = 73E642C31B1E9093005609B0 /* DEMO_001A.sqlite */; };
		73E660631B3789E4003C7C91 /* TutorialScreenViewController.m in Sources */ = {isa = PBXBuildFile; fileRef = 73E660621B3789E4003C7C91 /* TutorialScreenViewController.m */; };
		73E660681B37EFB5003C7C91 /* IntroPageContentViewController.m in Sources */ = {isa = PBXBuildFile; fileRef = 73E660671B37EFB5003C7C91 /* IntroPageContentViewController.m */; };
		73E6606C1B37F09D003C7C91 /* IntroViewController.m in Sources */ = {isa = PBXBuildFile; fileRef = 73E6606B1B37F09D003C7C91 /* IntroViewController.m */; };
		73E966D21B10EA5600431AAC /* PortfolioActivityViewController.m in Sources */ = {isa = PBXBuildFile; fileRef = 73E966D11B10EA5600431AAC /* PortfolioActivityViewController.m */; };
		73EEB9351B31E4C7009D9D2F /* FriendStore.m in Sources */ = {isa = PBXBuildFile; fileRef = 73EEB9341B31E4C7009D9D2F /* FriendStore.m */; };
		73EEB9381B31E958009D9D2F /* Friend.m in Sources */ = {isa = PBXBuildFile; fileRef = 73EEB9371B31E958009D9D2F /* Friend.m */; };
		73EEC57C1B040E9300FAA1FE /* UserAccount.m in Sources */ = {isa = PBXBuildFile; fileRef = 73EEC57B1B040E9300FAA1FE /* UserAccount.m */; };
		73EEC5801B042FEA00FAA1FE /* Quiz.m in Sources */ = {isa = PBXBuildFile; fileRef = 73EEC57F1B042FEA00FAA1FE /* Quiz.m */; };
		73EEC5861B0449EE00FAA1FE /* QuizGenerator.m in Sources */ = {isa = PBXBuildFile; fileRef = 73EEC5851B0449EE00FAA1FE /* QuizGenerator.m */; };
/* End PBXBuildFile section */

/* Begin PBXContainerItemProxy section */
		739ABCCA1B0162F6009EFC0E /* PBXContainerItemProxy */ = {
			isa = PBXContainerItemProxy;
			containerPortal = 739ABCA81B0162F6009EFC0E /* Project object */;
			proxyType = 1;
			remoteGlobalIDString = 739ABCAF1B0162F6009EFC0E;
			remoteInfo = "Hi Invest";
		};
/* End PBXContainerItemProxy section */

/* Begin PBXFileReference section */
		73442DBE1B12805B00F3A7ED /* Dividend.h */ = {isa = PBXFileReference; fileEncoding = 4; lastKnownFileType = sourcecode.c.h; path = Dividend.h; sourceTree = "<group>"; };
		73442DBF1B12805B00F3A7ED /* Dividend.m */ = {isa = PBXFileReference; fileEncoding = 4; lastKnownFileType = sourcecode.c.objc; path = Dividend.m; sourceTree = "<group>"; };
		73442DC21B139B4600F3A7ED /* TransactionTableViewCell.h */ = {isa = PBXFileReference; fileEncoding = 4; lastKnownFileType = sourcecode.c.h; path = TransactionTableViewCell.h; sourceTree = "<group>"; };
		73442DC31B139B4600F3A7ED /* TransactionTableViewCell.m */ = {isa = PBXFileReference; fileEncoding = 4; lastKnownFileType = sourcecode.c.objc; path = TransactionTableViewCell.m; sourceTree = "<group>"; };
		73442DC81B13E72200F3A7ED /* DJI_001A.sqlite */ = {isa = PBXFileReference; lastKnownFileType = file; path = DJI_001A.sqlite; sourceTree = "<group>"; };
		73442DCA1B13E72900F3A7ED /* FinancialDataModel.xcdatamodel */ = {isa = PBXFileReference; lastKnownFileType = wrapper.xcdatamodel; path = FinancialDataModel.xcdatamodel; sourceTree = "<group>"; };
		73442DCD1B13E81000F3A7ED /* Scenario.h */ = {isa = PBXFileReference; fileEncoding = 4; lastKnownFileType = sourcecode.c.h; path = Scenario.h; sourceTree = "<group>"; };
		73442DCE1B13E81000F3A7ED /* Scenario.m */ = {isa = PBXFileReference; fileEncoding = 4; lastKnownFileType = sourcecode.c.objc; path = Scenario.m; sourceTree = "<group>"; };
		73442DD41B1407D200F3A7ED /* CompanyDisguiseManager.h */ = {isa = PBXFileReference; fileEncoding = 4; lastKnownFileType = sourcecode.c.h; path = CompanyDisguiseManager.h; sourceTree = "<group>"; };
		73442DD51B1407D200F3A7ED /* CompanyDisguiseManager.m */ = {isa = PBXFileReference; fileEncoding = 4; lastKnownFileType = sourcecode.c.objc; path = CompanyDisguiseManager.m; sourceTree = "<group>"; };
		73442DDB1B14DC5900F3A7ED /* FictionalNamesKeys.h */ = {isa = PBXFileReference; lastKnownFileType = sourcecode.c.h; path = FictionalNamesKeys.h; sourceTree = "<group>"; };
		73442DE01B1672E800F3A7ED /* SettingsTableViewController.h */ = {isa = PBXFileReference; fileEncoding = 4; lastKnownFileType = sourcecode.c.h; path = SettingsTableViewController.h; sourceTree = "<group>"; };
		73442DE11B1672E800F3A7ED /* SettingsTableViewController.m */ = {isa = PBXFileReference; fileEncoding = 4; lastKnownFileType = sourcecode.c.objc; path = SettingsTableViewController.m; sourceTree = "<group>"; };
		734A86B81B3383A700D1D60E /* LevelUpViewController.h */ = {isa = PBXFileReference; fileEncoding = 4; lastKnownFileType = sourcecode.c.h; path = LevelUpViewController.h; sourceTree = "<group>"; };
		734A86B91B3383A700D1D60E /* LevelUpViewController.m */ = {isa = PBXFileReference; fileEncoding = 4; lastKnownFileType = sourcecode.c.objc; path = LevelUpViewController.m; sourceTree = "<group>"; };
		734A86BE1B33B62200D1D60E /* AboutTableViewController.h */ = {isa = PBXFileReference; fileEncoding = 4; lastKnownFileType = sourcecode.c.h; path = AboutTableViewController.h; sourceTree = "<group>"; };
		734A86BF1B33B62200D1D60E /* AboutTableViewController.m */ = {isa = PBXFileReference; fileEncoding = 4; lastKnownFileType = sourcecode.c.objc; path = AboutTableViewController.m; sourceTree = "<group>"; };
		734A86C11B33CEC900D1D60E /* LicensesViewController.h */ = {isa = PBXFileReference; fileEncoding = 4; lastKnownFileType = sourcecode.c.h; path = LicensesViewController.h; sourceTree = "<group>"; };
		734A86C21B33CEC900D1D60E /* LicensesViewController.m */ = {isa = PBXFileReference; fileEncoding = 4; lastKnownFileType = sourcecode.c.objc; path = LicensesViewController.m; sourceTree = "<group>"; };
		734A86C41B347B0600D1D60E /* ScenariosKeys.h */ = {isa = PBXFileReference; lastKnownFileType = sourcecode.c.h; path = ScenariosKeys.h; sourceTree = "<group>"; };
		739ABCB01B0162F6009EFC0E /* Hi Invest.app */ = {isa = PBXFileReference; explicitFileType = wrapper.application; includeInIndex = 0; path = "Hi Invest.app"; sourceTree = BUILT_PRODUCTS_DIR; };
		739ABCB41B0162F6009EFC0E /* Info.plist */ = {isa = PBXFileReference; lastKnownFileType = text.plist.xml; path = Info.plist; sourceTree = "<group>"; };
		739ABCB51B0162F6009EFC0E /* main.m */ = {isa = PBXFileReference; lastKnownFileType = sourcecode.c.objc; path = main.m; sourceTree = "<group>"; };
		739ABCC91B0162F6009EFC0E /* Hi InvestTests.xctest */ = {isa = PBXFileReference; explicitFileType = wrapper.cfbundle; includeInIndex = 0; path = "Hi InvestTests.xctest"; sourceTree = BUILT_PRODUCTS_DIR; };
		739ABCCE1B0162F6009EFC0E /* Info.plist */ = {isa = PBXFileReference; lastKnownFileType = text.plist.xml; path = Info.plist; sourceTree = "<group>"; };
		739ABCCF1B0162F6009EFC0E /* Hi_InvestTests.m */ = {isa = PBXFileReference; lastKnownFileType = sourcecode.c.objc; path = Hi_InvestTests.m; sourceTree = "<group>"; };
		739ABCDC1B016390009EFC0E /* AppDelegate.h */ = {isa = PBXFileReference; fileEncoding = 4; lastKnownFileType = sourcecode.c.h; path = AppDelegate.h; sourceTree = "<group>"; };
		739ABCDD1B016390009EFC0E /* AppDelegate.m */ = {isa = PBXFileReference; fileEncoding = 4; lastKnownFileType = sourcecode.c.objc; path = AppDelegate.m; sourceTree = "<group>"; };
		739ABCE01B0163B4009EFC0E /* BalanceSheet.h */ = {isa = PBXFileReference; fileEncoding = 4; lastKnownFileType = sourcecode.c.h; path = BalanceSheet.h; sourceTree = "<group>"; };
		739ABCE11B0163B4009EFC0E /* BalanceSheet.m */ = {isa = PBXFileReference; fileEncoding = 4; lastKnownFileType = sourcecode.c.objc; path = BalanceSheet.m; sourceTree = "<group>"; };
		739ABCE41B0163D8009EFC0E /* BuySellTableViewController.h */ = {isa = PBXFileReference; fileEncoding = 4; lastKnownFileType = sourcecode.c.h; path = BuySellTableViewController.h; sourceTree = "<group>"; };
		739ABCE51B0163D8009EFC0E /* BuySellTableViewController.m */ = {isa = PBXFileReference; fileEncoding = 4; lastKnownFileType = sourcecode.c.objc; path = BuySellTableViewController.m; sourceTree = "<group>"; };
		739ABCE71B0163E1009EFC0E /* CashFlow.h */ = {isa = PBXFileReference; fileEncoding = 4; lastKnownFileType = sourcecode.c.h; path = CashFlow.h; sourceTree = "<group>"; };
		739ABCE81B0163E1009EFC0E /* CashFlow.m */ = {isa = PBXFileReference; fileEncoding = 4; lastKnownFileType = sourcecode.c.objc; path = CashFlow.m; sourceTree = "<group>"; };
		739ABCEC1B0163EF009EFC0E /* BEMAnalogClockView.h */ = {isa = PBXFileReference; fileEncoding = 4; lastKnownFileType = sourcecode.c.h; path = BEMAnalogClockView.h; sourceTree = "<group>"; };
		739ABCED1B0163EF009EFC0E /* BEMAnalogClockView.m */ = {isa = PBXFileReference; fileEncoding = 4; lastKnownFileType = sourcecode.c.objc; path = BEMAnalogClockView.m; sourceTree = "<group>"; };
		739ABCEE1B0163EF009EFC0E /* KSMHand.h */ = {isa = PBXFileReference; fileEncoding = 4; lastKnownFileType = sourcecode.c.h; path = KSMHand.h; sourceTree = "<group>"; };
		739ABCEF1B0163EF009EFC0E /* KSMHand.m */ = {isa = PBXFileReference; fileEncoding = 4; lastKnownFileType = sourcecode.c.objc; path = KSMHand.m; sourceTree = "<group>"; };
		739ABCF11B0163EF009EFC0E /* BEMAverageLine.h */ = {isa = PBXFileReference; fileEncoding = 4; lastKnownFileType = sourcecode.c.h; path = BEMAverageLine.h; sourceTree = "<group>"; };
		739ABCF21B0163EF009EFC0E /* BEMAverageLine.m */ = {isa = PBXFileReference; fileEncoding = 4; lastKnownFileType = sourcecode.c.objc; path = BEMAverageLine.m; sourceTree = "<group>"; };
		739ABCF31B0163EF009EFC0E /* BEMCircle.h */ = {isa = PBXFileReference; fileEncoding = 4; lastKnownFileType = sourcecode.c.h; path = BEMCircle.h; sourceTree = "<group>"; };
		739ABCF41B0163EF009EFC0E /* BEMCircle.m */ = {isa = PBXFileReference; fileEncoding = 4; lastKnownFileType = sourcecode.c.objc; path = BEMCircle.m; sourceTree = "<group>"; };
		739ABCF51B0163EF009EFC0E /* BEMLine.h */ = {isa = PBXFileReference; fileEncoding = 4; lastKnownFileType = sourcecode.c.h; path = BEMLine.h; sourceTree = "<group>"; };
		739ABCF61B0163EF009EFC0E /* BEMLine.m */ = {isa = PBXFileReference; fileEncoding = 4; lastKnownFileType = sourcecode.c.objc; path = BEMLine.m; sourceTree = "<group>"; };
		739ABCF71B0163EF009EFC0E /* BEMPermanentPopupView.h */ = {isa = PBXFileReference; fileEncoding = 4; lastKnownFileType = sourcecode.c.h; path = BEMPermanentPopupView.h; sourceTree = "<group>"; };
		739ABCF81B0163EF009EFC0E /* BEMPermanentPopupView.m */ = {isa = PBXFileReference; fileEncoding = 4; lastKnownFileType = sourcecode.c.objc; path = BEMPermanentPopupView.m; sourceTree = "<group>"; };
		739ABCF91B0163EF009EFC0E /* BEMSimpleLineGraphView.h */ = {isa = PBXFileReference; fileEncoding = 4; lastKnownFileType = sourcecode.c.h; path = BEMSimpleLineGraphView.h; sourceTree = "<group>"; };
		739ABCFA1B0163EF009EFC0E /* BEMSimpleLineGraphView.m */ = {isa = PBXFileReference; fileEncoding = 4; lastKnownFileType = sourcecode.c.objc; path = BEMSimpleLineGraphView.m; sourceTree = "<group>"; };
		739ABCFC1B0163EF009EFC0E /* RECommonFunctions.h */ = {isa = PBXFileReference; fileEncoding = 4; lastKnownFileType = sourcecode.c.h; path = RECommonFunctions.h; sourceTree = "<group>"; };
		739ABCFD1B0163EF009EFC0E /* RECommonFunctions.m */ = {isa = PBXFileReference; fileEncoding = 4; lastKnownFileType = sourcecode.c.objc; path = RECommonFunctions.m; sourceTree = "<group>"; };
		739ABCFE1B0163EF009EFC0E /* RESideMenu.h */ = {isa = PBXFileReference; fileEncoding = 4; lastKnownFileType = sourcecode.c.h; path = RESideMenu.h; sourceTree = "<group>"; };
		739ABCFF1B0163EF009EFC0E /* RESideMenu.m */ = {isa = PBXFileReference; fileEncoding = 4; lastKnownFileType = sourcecode.c.objc; path = RESideMenu.m; sourceTree = "<group>"; };
		739ABD001B0163EF009EFC0E /* UIViewController+RESideMenu.h */ = {isa = PBXFileReference; fileEncoding = 4; lastKnownFileType = sourcecode.c.h; path = "UIViewController+RESideMenu.h"; sourceTree = "<group>"; };
		739ABD011B0163EF009EFC0E /* UIViewController+RESideMenu.m */ = {isa = PBXFileReference; fileEncoding = 4; lastKnownFileType = sourcecode.c.objc; path = "UIViewController+RESideMenu.m"; sourceTree = "<group>"; };
		739ABD031B0163EF009EFC0E /* XYPieChart.h */ = {isa = PBXFileReference; fileEncoding = 4; lastKnownFileType = sourcecode.c.h; path = XYPieChart.h; sourceTree = "<group>"; };
		739ABD041B0163EF009EFC0E /* XYPieChart.m */ = {isa = PBXFileReference; fileEncoding = 4; lastKnownFileType = sourcecode.c.objc; path = XYPieChart.m; sourceTree = "<group>"; };
		739ABD111B016426009EFC0E /* CompaniesInfoKeys.h */ = {isa = PBXFileReference; lastKnownFileType = sourcecode.c.h; path = CompaniesInfoKeys.h; sourceTree = "<group>"; };
		739ABD131B01644B009EFC0E /* CompaniesViewController.h */ = {isa = PBXFileReference; fileEncoding = 4; lastKnownFileType = sourcecode.c.h; path = CompaniesViewController.h; sourceTree = "<group>"; };
		739ABD141B01644B009EFC0E /* CompaniesViewController.m */ = {isa = PBXFileReference; fileEncoding = 4; lastKnownFileType = sourcecode.c.objc; path = CompaniesViewController.m; sourceTree = "<group>"; };
		739ABD161B016453009EFC0E /* Company.h */ = {isa = PBXFileReference; fileEncoding = 4; lastKnownFileType = sourcecode.c.h; path = Company.h; sourceTree = "<group>"; };
		739ABD171B016453009EFC0E /* Company.m */ = {isa = PBXFileReference; fileEncoding = 4; lastKnownFileType = sourcecode.c.objc; path = Company.m; sourceTree = "<group>"; };
		739ABD191B01645F009EFC0E /* CompanyInfoViewController.h */ = {isa = PBXFileReference; fileEncoding = 4; lastKnownFileType = sourcecode.c.h; path = CompanyInfoViewController.h; sourceTree = "<group>"; };
		739ABD1A1B01645F009EFC0E /* CompanyInfoViewController.m */ = {isa = PBXFileReference; fileEncoding = 4; lastKnownFileType = sourcecode.c.objc; path = CompanyInfoViewController.m; sourceTree = "<group>"; };
		739ABD1C1B016466009EFC0E /* CompanyRatioInfoViewController.h */ = {isa = PBXFileReference; fileEncoding = 4; lastKnownFileType = sourcecode.c.h; path = CompanyRatioInfoViewController.h; sourceTree = "<group>"; };
		739ABD1D1B016466009EFC0E /* CompanyRatioInfoViewController.m */ = {isa = PBXFileReference; fileEncoding = 4; lastKnownFileType = sourcecode.c.objc; path = CompanyRatioInfoViewController.m; sourceTree = "<group>"; };
		739ABD201B01647F009EFC0E /* CompanyTableViewCell.h */ = {isa = PBXFileReference; fileEncoding = 4; lastKnownFileType = sourcecode.c.h; path = CompanyTableViewCell.h; sourceTree = "<group>"; };
		739ABD211B01647F009EFC0E /* CompanyTableViewCell.m */ = {isa = PBXFileReference; fileEncoding = 4; lastKnownFileType = sourcecode.c.objc; path = CompanyTableViewCell.m; sourceTree = "<group>"; };
		739ABD2C1B0164DB009EFC0E /* DefaultColors.h */ = {isa = PBXFileReference; fileEncoding = 4; lastKnownFileType = sourcecode.c.h; path = DefaultColors.h; sourceTree = "<group>"; };
		739ABD2D1B0164DB009EFC0E /* DefaultColors.m */ = {isa = PBXFileReference; fileEncoding = 4; lastKnownFileType = sourcecode.c.objc; path = DefaultColors.m; sourceTree = "<group>"; };
		739ABD301B0164F8009EFC0E /* DefinitionViewController.h */ = {isa = PBXFileReference; fileEncoding = 4; lastKnownFileType = sourcecode.c.h; path = DefinitionViewController.h; sourceTree = "<group>"; };
		739ABD311B0164F8009EFC0E /* DefinitionViewController.m */ = {isa = PBXFileReference; fileEncoding = 4; lastKnownFileType = sourcecode.c.objc; path = DefinitionViewController.m; sourceTree = "<group>"; };
		739ABD331B016505009EFC0E /* FinancialDatabaseManager.h */ = {isa = PBXFileReference; fileEncoding = 4; lastKnownFileType = sourcecode.c.h; path = FinancialDatabaseManager.h; sourceTree = "<group>"; };
		739ABD341B016505009EFC0E /* FinancialDatabaseManager.m */ = {isa = PBXFileReference; fileEncoding = 4; lastKnownFileType = sourcecode.c.objc; path = FinancialDatabaseManager.m; sourceTree = "<group>"; };
		739ABD3D1B016536009EFC0E /* Images.xcassets */ = {isa = PBXFileReference; lastKnownFileType = folder.assetcatalog; path = Images.xcassets; sourceTree = "<group>"; };
		739ABD3F1B016544009EFC0E /* IncomeStatement.h */ = {isa = PBXFileReference; fileEncoding = 4; lastKnownFileType = sourcecode.c.h; path = IncomeStatement.h; sourceTree = "<group>"; };
		739ABD401B016544009EFC0E /* IncomeStatement.m */ = {isa = PBXFileReference; fileEncoding = 4; lastKnownFileType = sourcecode.c.objc; path = IncomeStatement.m; sourceTree = "<group>"; };
		739ABD421B01656B009EFC0E /* InfoPageContentViewController.h */ = {isa = PBXFileReference; fileEncoding = 4; lastKnownFileType = sourcecode.c.h; path = InfoPageContentViewController.h; sourceTree = "<group>"; };
		739ABD431B01656B009EFC0E /* InfoPageContentViewController.m */ = {isa = PBXFileReference; fileEncoding = 4; lastKnownFileType = sourcecode.c.objc; path = InfoPageContentViewController.m; sourceTree = "<group>"; };
		739ABD451B0165A8009EFC0E /* InitialViewController.h */ = {isa = PBXFileReference; fileEncoding = 4; lastKnownFileType = sourcecode.c.h; path = InitialViewController.h; sourceTree = "<group>"; };
		739ABD461B0165A8009EFC0E /* InitialViewController.m */ = {isa = PBXFileReference; fileEncoding = 4; lastKnownFileType = sourcecode.c.objc; path = InitialViewController.m; sourceTree = "<group>"; };
		739ABD481B0165B9009EFC0E /* InvestingGame.h */ = {isa = PBXFileReference; fileEncoding = 4; lastKnownFileType = sourcecode.c.h; path = InvestingGame.h; sourceTree = "<group>"; };
		739ABD491B0165B9009EFC0E /* InvestingGame.m */ = {isa = PBXFileReference; fileEncoding = 4; lastKnownFileType = sourcecode.c.objc; path = InvestingGame.m; sourceTree = "<group>"; };
		739ABD4B1B0165C0009EFC0E /* LaunchScreen.xib */ = {isa = PBXFileReference; fileEncoding = 4; lastKnownFileType = file.xib; path = LaunchScreen.xib; sourceTree = "<group>"; };
		739ABD4E1B0165E6009EFC0E /* LeftMenuViewController.h */ = {isa = PBXFileReference; fileEncoding = 4; lastKnownFileType = sourcecode.c.h; path = LeftMenuViewController.h; sourceTree = "<group>"; };
		739ABD4F1B0165E6009EFC0E /* LeftMenuViewController.m */ = {isa = PBXFileReference; fileEncoding = 4; lastKnownFileType = sourcecode.c.objc; path = LeftMenuViewController.m; sourceTree = "<group>"; };
		739ABD511B0165EE009EFC0E /* Main_iPhone.storyboard */ = {isa = PBXFileReference; fileEncoding = 4; lastKnownFileType = file.storyboard; path = Main_iPhone.storyboard; sourceTree = "<group>"; };
		739ABD531B0165FC009EFC0E /* ManagedObjectContextCreator.h */ = {isa = PBXFileReference; fileEncoding = 4; lastKnownFileType = sourcecode.c.h; path = ManagedObjectContextCreator.h; sourceTree = "<group>"; };
		739ABD541B0165FC009EFC0E /* ManagedObjectContextCreator.m */ = {isa = PBXFileReference; fileEncoding = 4; lastKnownFileType = sourcecode.c.objc; path = ManagedObjectContextCreator.m; sourceTree = "<group>"; };
		739ABD571B01660D009EFC0E /* Portfolio.h */ = {isa = PBXFileReference; fileEncoding = 4; lastKnownFileType = sourcecode.c.h; path = Portfolio.h; sourceTree = "<group>"; };
		739ABD581B01660D009EFC0E /* Portfolio.m */ = {isa = PBXFileReference; fileEncoding = 4; lastKnownFileType = sourcecode.c.objc; path = Portfolio.m; sourceTree = "<group>"; };
		739ABD5D1B016626009EFC0E /* PortfolioKeys.h */ = {isa = PBXFileReference; lastKnownFileType = sourcecode.c.h; path = PortfolioKeys.h; sourceTree = "<group>"; };
		739ABD5E1B01662E009EFC0E /* PortfolioPicture.h */ = {isa = PBXFileReference; fileEncoding = 4; lastKnownFileType = sourcecode.c.h; path = PortfolioPicture.h; sourceTree = "<group>"; };
		739ABD5F1B01662E009EFC0E /* PortfolioPicture.m */ = {isa = PBXFileReference; fileEncoding = 4; lastKnownFileType = sourcecode.c.objc; path = PortfolioPicture.m; sourceTree = "<group>"; };
		739ABD621B016656009EFC0E /* PortfolioPieChartViewController.h */ = {isa = PBXFileReference; fileEncoding = 4; lastKnownFileType = sourcecode.c.h; path = PortfolioPieChartViewController.h; sourceTree = "<group>"; };
		739ABD631B016656009EFC0E /* PortfolioPieChartViewController.m */ = {isa = PBXFileReference; fileEncoding = 4; lastKnownFileType = sourcecode.c.objc; path = PortfolioPieChartViewController.m; sourceTree = "<group>"; };
		739ABD641B016656009EFC0E /* PortfolioStockInfoContainerViewController.h */ = {isa = PBXFileReference; fileEncoding = 4; lastKnownFileType = sourcecode.c.h; path = PortfolioStockInfoContainerViewController.h; sourceTree = "<group>"; };
		739ABD651B016656009EFC0E /* PortfolioStockInfoContainerViewController.m */ = {isa = PBXFileReference; fileEncoding = 4; lastKnownFileType = sourcecode.c.objc; path = PortfolioStockInfoContainerViewController.m; sourceTree = "<group>"; };
		739ABD661B016656009EFC0E /* PortfolioStockInfoViewController.h */ = {isa = PBXFileReference; fileEncoding = 4; lastKnownFileType = sourcecode.c.h; path = PortfolioStockInfoViewController.h; sourceTree = "<group>"; };
		739ABD671B016656009EFC0E /* PortfolioStockInfoViewController.m */ = {isa = PBXFileReference; fileEncoding = 4; lastKnownFileType = sourcecode.c.objc; path = PortfolioStockInfoViewController.m; sourceTree = "<group>"; };
		739ABD681B016656009EFC0E /* PortfolioTableViewController.h */ = {isa = PBXFileReference; fileEncoding = 4; lastKnownFileType = sourcecode.c.h; path = PortfolioTableViewController.h; sourceTree = "<group>"; };
		739ABD691B016656009EFC0E /* PortfolioTableViewController.m */ = {isa = PBXFileReference; fileEncoding = 4; lastKnownFileType = sourcecode.c.objc; path = PortfolioTableViewController.m; sourceTree = "<group>"; };
		739ABD6E1B016661009EFC0E /* Price.h */ = {isa = PBXFileReference; fileEncoding = 4; lastKnownFileType = sourcecode.c.h; path = Price.h; sourceTree = "<group>"; };
		739ABD6F1B016661009EFC0E /* Price.m */ = {isa = PBXFileReference; fileEncoding = 4; lastKnownFileType = sourcecode.c.objc; path = Price.m; sourceTree = "<group>"; };
		739ABD721B016686009EFC0E /* QuizQuestion.h */ = {isa = PBXFileReference; fileEncoding = 4; lastKnownFileType = sourcecode.c.h; path = QuizQuestion.h; sourceTree = "<group>"; };
		739ABD731B016686009EFC0E /* QuizQuestion.m */ = {isa = PBXFileReference; fileEncoding = 4; lastKnownFileType = sourcecode.c.objc; path = QuizQuestion.m; sourceTree = "<group>"; };
		739ABD761B016686009EFC0E /* QuizSelectionViewController.h */ = {isa = PBXFileReference; fileEncoding = 4; lastKnownFileType = sourcecode.c.h; path = QuizSelectionViewController.h; sourceTree = "<group>"; };
		739ABD771B016686009EFC0E /* QuizSelectionViewController.m */ = {isa = PBXFileReference; fileEncoding = 4; lastKnownFileType = sourcecode.c.objc; path = QuizSelectionViewController.m; sourceTree = "<group>"; };
		739ABD781B016686009EFC0E /* QuizViewController.h */ = {isa = PBXFileReference; fileEncoding = 4; lastKnownFileType = sourcecode.c.h; path = QuizViewController.h; sourceTree = "<group>"; };
		739ABD791B016686009EFC0E /* QuizViewController.m */ = {isa = PBXFileReference; fileEncoding = 4; lastKnownFileType = sourcecode.c.objc; path = QuizViewController.m; sourceTree = "<group>"; };
		739ABD7E1B016697009EFC0E /* RatiosKeys.h */ = {isa = PBXFileReference; lastKnownFileType = sourcecode.c.h; path = RatiosKeys.h; sourceTree = "<group>"; };
		739ABD7F1B0166B9009EFC0E /* Report.h */ = {isa = PBXFileReference; fileEncoding = 4; lastKnownFileType = sourcecode.c.h; path = Report.h; sourceTree = "<group>"; };
		739ABD801B0166B9009EFC0E /* Report.m */ = {isa = PBXFileReference; fileEncoding = 4; lastKnownFileType = sourcecode.c.objc; path = Report.m; sourceTree = "<group>"; };
		739ABD871B0166FC009EFC0E /* SelectOrderingValueViewController.h */ = {isa = PBXFileReference; fileEncoding = 4; lastKnownFileType = sourcecode.c.h; path = SelectOrderingValueViewController.h; sourceTree = "<group>"; };
		739ABD881B0166FC009EFC0E /* SelectOrderingValueViewController.m */ = {isa = PBXFileReference; fileEncoding = 4; lastKnownFileType = sourcecode.c.objc; path = SelectOrderingValueViewController.m; sourceTree = "<group>"; };
		739ABD8A1B01670B009EFC0E /* SideMenuRootViewController.h */ = {isa = PBXFileReference; fileEncoding = 4; lastKnownFileType = sourcecode.c.h; path = SideMenuRootViewController.h; sourceTree = "<group>"; };
		739ABD8B1B01670B009EFC0E /* SideMenuRootViewController.m */ = {isa = PBXFileReference; fileEncoding = 4; lastKnownFileType = sourcecode.c.objc; path = SideMenuRootViewController.m; sourceTree = "<group>"; };
		739ABD8D1B01671E009EFC0E /* SimulatorInfoViewController.h */ = {isa = PBXFileReference; fileEncoding = 4; lastKnownFileType = sourcecode.c.h; path = SimulatorInfoViewController.h; sourceTree = "<group>"; };
		739ABD8E1B01671E009EFC0E /* SimulatorInfoViewController.m */ = {isa = PBXFileReference; fileEncoding = 4; lastKnownFileType = sourcecode.c.objc; path = SimulatorInfoViewController.m; sourceTree = "<group>"; };
		739ABD911B016740009EFC0E /* SpeechBubbleView.h */ = {isa = PBXFileReference; fileEncoding = 4; lastKnownFileType = sourcecode.c.h; path = SpeechBubbleView.h; sourceTree = "<group>"; };
		739ABD921B016740009EFC0E /* SpeechBubbleView.m */ = {isa = PBXFileReference; fileEncoding = 4; lastKnownFileType = sourcecode.c.objc; path = SpeechBubbleView.m; sourceTree = "<group>"; };
		739ABD941B01674E009EFC0E /* StockInvestment.h */ = {isa = PBXFileReference; fileEncoding = 4; lastKnownFileType = sourcecode.c.h; path = StockInvestment.h; sourceTree = "<group>"; };
		739ABD951B01674E009EFC0E /* StockInvestment.m */ = {isa = PBXFileReference; fileEncoding = 4; lastKnownFileType = sourcecode.c.objc; path = StockInvestment.m; sourceTree = "<group>"; };
		739ABD971B01675C009EFC0E /* TimeSimulationViewController.h */ = {isa = PBXFileReference; fileEncoding = 4; lastKnownFileType = sourcecode.c.h; path = TimeSimulationViewController.h; sourceTree = "<group>"; };
		739ABD981B01675C009EFC0E /* TimeSimulationViewController.m */ = {isa = PBXFileReference; fileEncoding = 4; lastKnownFileType = sourcecode.c.objc; path = TimeSimulationViewController.m; sourceTree = "<group>"; };
		73BFF3421B2672270010F9E9 /* GameTableViewCell.h */ = {isa = PBXFileReference; fileEncoding = 4; lastKnownFileType = sourcecode.c.h; path = GameTableViewCell.h; sourceTree = "<group>"; };
		73BFF3431B2672270010F9E9 /* GameTableViewCell.m */ = {isa = PBXFileReference; fileEncoding = 4; lastKnownFileType = sourcecode.c.objc; path = GameTableViewCell.m; sourceTree = "<group>"; };
		73BFF3481B2683EF0010F9E9 /* UserInfoViewController.h */ = {isa = PBXFileReference; fileEncoding = 4; lastKnownFileType = sourcecode.c.h; path = UserInfoViewController.h; sourceTree = "<group>"; };
		73BFF3491B2683EF0010F9E9 /* UserInfoViewController.m */ = {isa = PBXFileReference; fileEncoding = 4; lastKnownFileType = sourcecode.c.objc; path = UserInfoViewController.m; sourceTree = "<group>"; };
		73BFF34B1B27E6730010F9E9 /* Transaction.h */ = {isa = PBXFileReference; fileEncoding = 4; lastKnownFileType = sourcecode.c.h; path = Transaction.h; sourceTree = "<group>"; };
		73BFF34C1B27E6730010F9E9 /* Transaction.m */ = {isa = PBXFileReference; fileEncoding = 4; lastKnownFileType = sourcecode.c.objc; path = Transaction.m; sourceTree = "<group>"; };
		73BFF34E1B27E6740010F9E9 /* GameInfo.h */ = {isa = PBXFileReference; fileEncoding = 4; lastKnownFileType = sourcecode.c.h; path = GameInfo.h; sourceTree = "<group>"; };
		73BFF34F1B27E6740010F9E9 /* GameInfo.m */ = {isa = PBXFileReference; fileEncoding = 4; lastKnownFileType = sourcecode.c.objc; path = GameInfo.m; sourceTree = "<group>"; };
		73BFF3511B27E6740010F9E9 /* HistoricalValue.h */ = {isa = PBXFileReference; fileEncoding = 4; lastKnownFileType = sourcecode.c.h; path = HistoricalValue.h; sourceTree = "<group>"; };
		73BFF3521B27E6740010F9E9 /* HistoricalValue.m */ = {isa = PBXFileReference; fileEncoding = 4; lastKnownFileType = sourcecode.c.objc; path = HistoricalValue.m; sourceTree = "<group>"; };
		73BFF3541B27E6740010F9E9 /* Ticker.h */ = {isa = PBXFileReference; fileEncoding = 4; lastKnownFileType = sourcecode.c.h; path = Ticker.h; sourceTree = "<group>"; };
		73BFF3551B27E6740010F9E9 /* Ticker.m */ = {isa = PBXFileReference; fileEncoding = 4; lastKnownFileType = sourcecode.c.objc; path = Ticker.m; sourceTree = "<group>"; };
		73BFF3B11B2893280010F9E9 /* FBSDKCoreKit.framework */ = {isa = PBXFileReference; lastKnownFileType = wrapper.framework; name = FBSDKCoreKit.framework; path = ../../../../../Documents/FacebookSDK/FBSDKCoreKit.framework; sourceTree = "<group>"; };
		73BFF3B71B28970A0010F9E9 /* AudioToolbox.framework */ = {isa = PBXFileReference; lastKnownFileType = wrapper.framework; name = AudioToolbox.framework; path = System/Library/Frameworks/AudioToolbox.framework; sourceTree = SDKROOT; };
		73BFF3B91B2897100010F9E9 /* CFNetwork.framework */ = {isa = PBXFileReference; lastKnownFileType = wrapper.framework; name = CFNetwork.framework; path = System/Library/Frameworks/CFNetwork.framework; sourceTree = SDKROOT; };
		73BFF3BB1B2897180010F9E9 /* CoreGraphics.framework */ = {isa = PBXFileReference; lastKnownFileType = wrapper.framework; name = CoreGraphics.framework; path = System/Library/Frameworks/CoreGraphics.framework; sourceTree = SDKROOT; };
		73BFF3BD1B28971E0010F9E9 /* CoreLocation.framework */ = {isa = PBXFileReference; lastKnownFileType = wrapper.framework; name = CoreLocation.framework; path = System/Library/Frameworks/CoreLocation.framework; sourceTree = SDKROOT; };
		73BFF3BF1B2897270010F9E9 /* MobileCoreServices.framework */ = {isa = PBXFileReference; lastKnownFileType = wrapper.framework; name = MobileCoreServices.framework; path = System/Library/Frameworks/MobileCoreServices.framework; sourceTree = SDKROOT; };
		73BFF3C11B2897320010F9E9 /* QuartzCore.framework */ = {isa = PBXFileReference; lastKnownFileType = wrapper.framework; name = QuartzCore.framework; path = System/Library/Frameworks/QuartzCore.framework; sourceTree = SDKROOT; };
		73BFF3C31B28973F0010F9E9 /* Security.framework */ = {isa = PBXFileReference; lastKnownFileType = wrapper.framework; name = Security.framework; path = System/Library/Frameworks/Security.framework; sourceTree = SDKROOT; };
		73BFF3C51B2897480010F9E9 /* StoreKit.framework */ = {isa = PBXFileReference; lastKnownFileType = wrapper.framework; name = StoreKit.framework; path = System/Library/Frameworks/StoreKit.framework; sourceTree = SDKROOT; };
		73BFF3C71B2897510010F9E9 /* SystemConfiguration.framework */ = {isa = PBXFileReference; lastKnownFileType = wrapper.framework; name = SystemConfiguration.framework; path = System/Library/Frameworks/SystemConfiguration.framework; sourceTree = SDKROOT; };
		73BFF3C91B28975F0010F9E9 /* libz.dylib */ = {isa = PBXFileReference; lastKnownFileType = "compiled.mach-o.dylib"; name = libz.dylib; path = usr/lib/libz.dylib; sourceTree = SDKROOT; };
		73BFF3CB1B28976F0010F9E9 /* libsqlite3.dylib */ = {isa = PBXFileReference; lastKnownFileType = "compiled.mach-o.dylib"; name = libsqlite3.dylib; path = usr/lib/libsqlite3.dylib; sourceTree = SDKROOT; };
		73BFF3CD1B2897780010F9E9 /* Accounts.framework */ = {isa = PBXFileReference; lastKnownFileType = wrapper.framework; name = Accounts.framework; path = System/Library/Frameworks/Accounts.framework; sourceTree = SDKROOT; };
		73BFF3CF1B2897810010F9E9 /* Social.framework */ = {isa = PBXFileReference; lastKnownFileType = wrapper.framework; name = Social.framework; path = System/Library/Frameworks/Social.framework; sourceTree = SDKROOT; };
		73BFF3EC1B289F0C0010F9E9 /* FBSDKLoginKit.framework */ = {isa = PBXFileReference; lastKnownFileType = wrapper.framework; name = FBSDKLoginKit.framework; path = ../../../../../Documents/FacebookSDK/FBSDKLoginKit.framework; sourceTree = "<group>"; };
		73BFF3EE1B289F180010F9E9 /* FBSDKShareKit.framework */ = {isa = PBXFileReference; lastKnownFileType = wrapper.framework; name = FBSDKShareKit.framework; path = ../../../../../Documents/FacebookSDK/FBSDKShareKit.framework; sourceTree = "<group>"; };
		73BFF3F01B28E3710010F9E9 /* ParseUserKeys.h */ = {isa = PBXFileReference; lastKnownFileType = sourcecode.c.h; path = ParseUserKeys.h; sourceTree = "<group>"; };
		73BFF3FB1B2953370010F9E9 /* Bolts.framework */ = {isa = PBXFileReference; lastKnownFileType = wrapper.framework; path = Bolts.framework; sourceTree = "<group>"; };
		73BFF3FD1B29534E0010F9E9 /* Parse.framework */ = {isa = PBXFileReference; lastKnownFileType = wrapper.framework; path = Parse.framework; sourceTree = "<group>"; };
		73BFF3FE1B29534E0010F9E9 /* ParseFacebookUtilsV4.framework */ = {isa = PBXFileReference; lastKnownFileType = wrapper.framework; path = ParseFacebookUtilsV4.framework; sourceTree = "<group>"; };
		73BFF4011B2A01D20010F9E9 /* UserDefaultsKeys.h */ = {isa = PBXFileReference; lastKnownFileType = sourcecode.c.h; path = UserDefaultsKeys.h; sourceTree = "<group>"; };
		73D24BE71B1EBF4F001524C4 /* InvestingGameActivityDataModel.xcdatamodel */ = {isa = PBXFileReference; lastKnownFileType = wrapper.xcdatamodel; path = InvestingGameActivityDataModel.xcdatamodel; sourceTree = "<group>"; };
		73D24C021B1FA1E1001524C4 /* GameInfo+Create.h */ = {isa = PBXFileReference; fileEncoding = 4; lastKnownFileType = sourcecode.c.h; path = "GameInfo+Create.h"; sourceTree = "<group>"; };
		73D24C031B1FA1E1001524C4 /* GameInfo+Create.m */ = {isa = PBXFileReference; fileEncoding = 4; lastKnownFileType = sourcecode.c.objc; path = "GameInfo+Create.m"; sourceTree = "<group>"; };
		73D24C111B1FB05E001524C4 /* HistoricalValue+Create.h */ = {isa = PBXFileReference; fileEncoding = 4; lastKnownFileType = sourcecode.c.h; path = "HistoricalValue+Create.h"; sourceTree = "<group>"; };
		73D24C121B1FB05E001524C4 /* HistoricalValue+Create.m */ = {isa = PBXFileReference; fileEncoding = 4; lastKnownFileType = sourcecode.c.objc; path = "HistoricalValue+Create.m"; sourceTree = "<group>"; };
		73D24C441B1FBF27001524C4 /* Transaction+Create.h */ = {isa = PBXFileReference; fileEncoding = 4; lastKnownFileType = sourcecode.c.h; path = "Transaction+Create.h"; sourceTree = "<group>"; };
		73D24C451B1FBF27001524C4 /* Transaction+Create.m */ = {isa = PBXFileReference; fileEncoding = 4; lastKnownFileType = sourcecode.c.objc; path = "Transaction+Create.m"; sourceTree = "<group>"; };
		73D24C771B1FCCC9001524C4 /* Ticker+Create.h */ = {isa = PBXFileReference; fileEncoding = 4; lastKnownFileType = sourcecode.c.h; path = "Ticker+Create.h"; sourceTree = "<group>"; };
		73D24C781B1FCCC9001524C4 /* Ticker+Create.m */ = {isa = PBXFileReference; fileEncoding = 4; lastKnownFileType = sourcecode.c.objc; path = "Ticker+Create.m"; sourceTree = "<group>"; };
		73D7C3671B096A6B00653A4C /* GlossarySelectionViewController.h */ = {isa = PBXFileReference; fileEncoding = 4; lastKnownFileType = sourcecode.c.h; path = GlossarySelectionViewController.h; sourceTree = "<group>"; };
		73D7C3681B096A6B00653A4C /* GlossarySelectionViewController.m */ = {isa = PBXFileReference; fileEncoding = 4; lastKnownFileType = sourcecode.c.objc; path = GlossarySelectionViewController.m; sourceTree = "<group>"; };
		73D7C36A1B0971A700653A4C /* GlossaryViewController.h */ = {isa = PBXFileReference; fileEncoding = 4; lastKnownFileType = sourcecode.c.h; path = GlossaryViewController.h; sourceTree = "<group>"; };
		73D7C36B1B0971A700653A4C /* GlossaryViewController.m */ = {isa = PBXFileReference; fileEncoding = 4; lastKnownFileType = sourcecode.c.objc; path = GlossaryViewController.m; sourceTree = "<group>"; };
		73D7C36D1B0A717F00653A4C /* UserAccountViewController.h */ = {isa = PBXFileReference; fileEncoding = 4; lastKnownFileType = sourcecode.c.h; path = UserAccountViewController.h; sourceTree = "<group>"; };
		73D7C36E1B0A717F00653A4C /* UserAccountViewController.m */ = {isa = PBXFileReference; fileEncoding = 4; lastKnownFileType = sourcecode.c.objc; path = UserAccountViewController.m; sourceTree = "<group>"; };
		73D7C3711B0A7E0700653A4C /* SignupLoginViewController.h */ = {isa = PBXFileReference; fileEncoding = 4; lastKnownFileType = sourcecode.c.h; path = SignupLoginViewController.h; sourceTree = "<group>"; };
		73D7C3721B0A7E0700653A4C /* SignupLoginViewController.m */ = {isa = PBXFileReference; fileEncoding = 4; lastKnownFileType = sourcecode.c.objc; path = SignupLoginViewController.m; sourceTree = "<group>"; };
		73D7C3841B0AD86C00653A4C /* SimulatorTabBarController.h */ = {isa = PBXFileReference; fileEncoding = 4; lastKnownFileType = sourcecode.c.h; path = SimulatorTabBarController.h; sourceTree = "<group>"; };
		73D7C3851B0AD86C00653A4C /* SimulatorTabBarController.m */ = {isa = PBXFileReference; fileEncoding = 4; lastKnownFileType = sourcecode.c.objc; path = SimulatorTabBarController.m; sourceTree = "<group>"; };
		73D7C3881B0AFB2800653A4C /* QuizTableViewCell.h */ = {isa = PBXFileReference; fileEncoding = 4; lastKnownFileType = sourcecode.c.h; path = QuizTableViewCell.h; sourceTree = "<group>"; };
		73D7C3891B0AFB2800653A4C /* QuizTableViewCell.m */ = {isa = PBXFileReference; fileEncoding = 4; lastKnownFileType = sourcecode.c.objc; path = QuizTableViewCell.m; sourceTree = "<group>"; };
		73DEE4D61B2170E6007B533C /* FriendsViewController.h */ = {isa = PBXFileReference; fileEncoding = 4; lastKnownFileType = sourcecode.c.h; path = FriendsViewController.h; sourceTree = "<group>"; };
		73DEE4D71B2170E6007B533C /* FriendsViewController.m */ = {isa = PBXFileReference; fileEncoding = 4; lastKnownFileType = sourcecode.c.objc; path = FriendsViewController.m; sourceTree = "<group>"; };
		73DEE4D91B21731C007B533C /* FriendTableViewCell.h */ = {isa = PBXFileReference; fileEncoding = 4; lastKnownFileType = sourcecode.c.h; path = FriendTableViewCell.h; sourceTree = "<group>"; };
		73DEE4DA1B21731C007B533C /* FriendTableViewCell.m */ = {isa = PBXFileReference; fileEncoding = 4; lastKnownFileType = sourcecode.c.objc; path = FriendTableViewCell.m; sourceTree = "<group>"; };
		73DEE4DC1B217FA1007B533C /* ScenarioPurchaseInfo.h */ = {isa = PBXFileReference; fileEncoding = 4; lastKnownFileType = sourcecode.c.h; path = ScenarioPurchaseInfo.h; sourceTree = "<group>"; };
		73DEE4DD1B217FA1007B533C /* ScenarioPurchaseInfo.m */ = {isa = PBXFileReference; fileEncoding = 4; lastKnownFileType = sourcecode.c.objc; path = ScenarioPurchaseInfo.m; sourceTree = "<group>"; };
		73DEE4DF1B218240007B533C /* ScenarioInfoViewController.h */ = {isa = PBXFileReference; fileEncoding = 4; lastKnownFileType = sourcecode.c.h; path = ScenarioInfoViewController.h; sourceTree = "<group>"; };
		73DEE4E01B218240007B533C /* ScenarioInfoViewController.m */ = {isa = PBXFileReference; fileEncoding = 4; lastKnownFileType = sourcecode.c.objc; path = ScenarioInfoViewController.m; sourceTree = "<group>"; };
		73E642BD1B1E4CA5005609B0 /* ScenarioTableViewCell.h */ = {isa = PBXFileReference; fileEncoding = 4; lastKnownFileType = sourcecode.c.h; path = ScenarioTableViewCell.h; sourceTree = "<group>"; };
		73E642BE1B1E4CA5005609B0 /* ScenarioTableViewCell.m */ = {isa = PBXFileReference; fileEncoding = 4; lastKnownFileType = sourcecode.c.objc; path = ScenarioTableViewCell.m; sourceTree = "<group>"; };
		73E642C31B1E9093005609B0 /* DEMO_001A.sqlite */ = {isa = PBXFileReference; lastKnownFileType = file; path = DEMO_001A.sqlite; sourceTree = "<group>"; };
		73E660611B3789E4003C7C91 /* TutorialScreenViewController.h */ = {isa = PBXFileReference; fileEncoding = 4; lastKnownFileType = sourcecode.c.h; path = TutorialScreenViewController.h; sourceTree = "<group>"; };
		73E660621B3789E4003C7C91 /* TutorialScreenViewController.m */ = {isa = PBXFileReference; fileEncoding = 4; lastKnownFileType = sourcecode.c.objc; path = TutorialScreenViewController.m; sourceTree = "<group>"; };
		73E660641B3790ED003C7C91 /* TutorialKeys.h */ = {isa = PBXFileReference; lastKnownFileType = sourcecode.c.h; path = TutorialKeys.h; sourceTree = "<group>"; };
		73E660661B37EFB5003C7C91 /* IntroPageContentViewController.h */ = {isa = PBXFileReference; fileEncoding = 4; lastKnownFileType = sourcecode.c.h; path = IntroPageContentViewController.h; sourceTree = "<group>"; };
		73E660671B37EFB5003C7C91 /* IntroPageContentViewController.m */ = {isa = PBXFileReference; fileEncoding = 4; lastKnownFileType = sourcecode.c.objc; path = IntroPageContentViewController.m; sourceTree = "<group>"; };
		73E6606A1B37F09D003C7C91 /* IntroViewController.h */ = {isa = PBXFileReference; fileEncoding = 4; lastKnownFileType = sourcecode.c.h; path = IntroViewController.h; sourceTree = "<group>"; };
		73E6606B1B37F09D003C7C91 /* IntroViewController.m */ = {isa = PBXFileReference; fileEncoding = 4; lastKnownFileType = sourcecode.c.objc; path = IntroViewController.m; sourceTree = "<group>"; };
		73E966D01B10EA5600431AAC /* PortfolioActivityViewController.h */ = {isa = PBXFileReference; fileEncoding = 4; lastKnownFileType = sourcecode.c.h; path = PortfolioActivityViewController.h; sourceTree = "<group>"; };
		73E966D11B10EA5600431AAC /* PortfolioActivityViewController.m */ = {isa = PBXFileReference; fileEncoding = 4; lastKnownFileType = sourcecode.c.objc; path = PortfolioActivityViewController.m; sourceTree = "<group>"; };
		73EEB9331B31E4C7009D9D2F /* FriendStore.h */ = {isa = PBXFileReference; fileEncoding = 4; lastKnownFileType = sourcecode.c.h; path = FriendStore.h; sourceTree = "<group>"; };
		73EEB9341B31E4C7009D9D2F /* FriendStore.m */ = {isa = PBXFileReference; fileEncoding = 4; lastKnownFileType = sourcecode.c.objc; path = FriendStore.m; sourceTree = "<group>"; };
		73EEB9361B31E958009D9D2F /* Friend.h */ = {isa = PBXFileReference; fileEncoding = 4; lastKnownFileType = sourcecode.c.h; path = Friend.h; sourceTree = "<group>"; };
		73EEB9371B31E958009D9D2F /* Friend.m */ = {isa = PBXFileReference; fileEncoding = 4; lastKnownFileType = sourcecode.c.objc; path = Friend.m; sourceTree = "<group>"; };
		73EEC5761B04038900FAA1FE /* GlossaryKeys.h */ = {isa = PBXFileReference; lastKnownFileType = sourcecode.c.h; path = GlossaryKeys.h; sourceTree = "<group>"; };
		73EEC57A1B040E9300FAA1FE /* UserAccount.h */ = {isa = PBXFileReference; fileEncoding = 4; lastKnownFileType = sourcecode.c.h; path = UserAccount.h; sourceTree = "<group>"; };
		73EEC57B1B040E9300FAA1FE /* UserAccount.m */ = {isa = PBXFileReference; fileEncoding = 4; lastKnownFileType = sourcecode.c.objc; path = UserAccount.m; sourceTree = "<group>"; };
		73EEC57E1B042FEA00FAA1FE /* Quiz.h */ = {isa = PBXFileReference; fileEncoding = 4; lastKnownFileType = sourcecode.c.h; path = Quiz.h; sourceTree = "<group>"; };
		73EEC57F1B042FEA00FAA1FE /* Quiz.m */ = {isa = PBXFileReference; fileEncoding = 4; lastKnownFileType = sourcecode.c.objc; path = Quiz.m; sourceTree = "<group>"; };
		73EEC5841B0449EE00FAA1FE /* QuizGenerator.h */ = {isa = PBXFileReference; fileEncoding = 4; lastKnownFileType = sourcecode.c.h; path = QuizGenerator.h; sourceTree = "<group>"; };
		73EEC5851B0449EE00FAA1FE /* QuizGenerator.m */ = {isa = PBXFileReference; fileEncoding = 4; lastKnownFileType = sourcecode.c.objc; path = QuizGenerator.m; sourceTree = "<group>"; };
/* End PBXFileReference section */

/* Begin PBXFrameworksBuildPhase section */
		739ABCAD1B0162F6009EFC0E /* Frameworks */ = {
			isa = PBXFrameworksBuildPhase;
			buildActionMask = 2147483647;
			files = (
				73BFF3D51B2898690010F9E9 /* FBSDKCoreKit.framework in Frameworks */,
				73BFF3ED1B289F0C0010F9E9 /* FBSDKLoginKit.framework in Frameworks */,
				73BFF4001B29534E0010F9E9 /* ParseFacebookUtilsV4.framework in Frameworks */,
				73BFF3D81B28988D0010F9E9 /* AudioToolbox.framework in Frameworks */,
				73BFF3D91B28988E0010F9E9 /* CFNetwork.framework in Frameworks */,
				73BFF3DA1B2898920010F9E9 /* CoreGraphics.framework in Frameworks */,
				73BFF3DB1B2898960010F9E9 /* CoreLocation.framework in Frameworks */,
				73BFF3DC1B28989E0010F9E9 /* MobileCoreServices.framework in Frameworks */,
				73BFF3DD1B2898A50010F9E9 /* QuartzCore.framework in Frameworks */,
				73BFF3DE1B2898B90010F9E9 /* Security.framework in Frameworks */,
				73BFF3DF1B2898BD0010F9E9 /* StoreKit.framework in Frameworks */,
				73BFF3FF1B29534E0010F9E9 /* Parse.framework in Frameworks */,
				73BFF3EF1B289F180010F9E9 /* FBSDKShareKit.framework in Frameworks */,
				73BFF3E01B2898C00010F9E9 /* SystemConfiguration.framework in Frameworks */,
				73BFF3FC1B2953370010F9E9 /* Bolts.framework in Frameworks */,
				73BFF3E11B2898C40010F9E9 /* libz.dylib in Frameworks */,
				73BFF3E21B2898C70010F9E9 /* libsqlite3.dylib in Frameworks */,
				73BFF3E31B2898CB0010F9E9 /* Accounts.framework in Frameworks */,
				73BFF3E41B2898CF0010F9E9 /* Social.framework in Frameworks */,
			);
			runOnlyForDeploymentPostprocessing = 0;
		};
		739ABCC61B0162F6009EFC0E /* Frameworks */ = {
			isa = PBXFrameworksBuildPhase;
			buildActionMask = 2147483647;
			files = (
			);
			runOnlyForDeploymentPostprocessing = 0;
		};
/* End PBXFrameworksBuildPhase section */

/* Begin PBXGroup section */
		73442DC11B137FEA00F3A7ED /* Activity */ = {
			isa = PBXGroup;
			children = (
				73E966D01B10EA5600431AAC /* PortfolioActivityViewController.h */,
				73E966D11B10EA5600431AAC /* PortfolioActivityViewController.m */,
			);
			name = Activity;
			sourceTree = "<group>";
		};
		73442DDC1B166D4400F3A7ED /* Settings */ = {
			isa = PBXGroup;
			children = (
				73442DE01B1672E800F3A7ED /* SettingsTableViewController.h */,
				73442DE11B1672E800F3A7ED /* SettingsTableViewController.m */,
				734A86BE1B33B62200D1D60E /* AboutTableViewController.h */,
				734A86BF1B33B62200D1D60E /* AboutTableViewController.m */,
				734A86C11B33CEC900D1D60E /* LicensesViewController.h */,
				734A86C21B33CEC900D1D60E /* LicensesViewController.m */,
			);
			name = Settings;
			sourceTree = "<group>";
		};
		739ABCA71B0162F6009EFC0E = {
			isa = PBXGroup;
			children = (
				739ABCB21B0162F6009EFC0E /* Hi Invest */,
				739ABCCC1B0162F6009EFC0E /* Hi InvestTests */,
				739ABCB11B0162F6009EFC0E /* Products */,
			);
			sourceTree = "<group>";
		};
		739ABCB11B0162F6009EFC0E /* Products */ = {
			isa = PBXGroup;
			children = (
				739ABCB01B0162F6009EFC0E /* Hi Invest.app */,
				739ABCC91B0162F6009EFC0E /* Hi InvestTests.xctest */,
			);
			name = Products;
			sourceTree = "<group>";
		};
		739ABCB21B0162F6009EFC0E /* Hi Invest */ = {
			isa = PBXGroup;
			children = (
				739ABD511B0165EE009EFC0E /* Main_iPhone.storyboard */,
				73E660691B37EFB9003C7C91 /* Intro */,
				739ABCDC1B016390009EFC0E /* AppDelegate.h */,
				739ABCDD1B016390009EFC0E /* AppDelegate.m */,
				73D7C3751B0AD36E00653A4C /* User Info */,
				73E660651B3790F3003C7C91 /* Tutorial */,
				73D7C37B1B0AD49B00653A4C /* Menu */,
				73D7C3781B0AD43100653A4C /* Simulator */,
				73D7C3801B0AD56B00653A4C /* Glossary */,
				739ABD711B016674009EFC0E /* Quizzes */,
				73442DDC1B166D4400F3A7ED /* Settings */,
				739ABD361B01650E009EFC0E /* Core Data */,
				739ABCEA1B0163EF009EFC0E /* Classes */,
				739ABD101B016409009EFC0E /* Keys Headers */,
				739ABCD91B01635C009EFC0E /* VIEW */,
				73BFF3D11B2897AA0010F9E9 /* Frameworks */,
				739ABD3D1B016536009EFC0E /* Images.xcassets */,
				739ABCB31B0162F6009EFC0E /* Supporting Files */,
			);
			path = "Hi Invest";
			sourceTree = "<group>";
		};
		739ABCB31B0162F6009EFC0E /* Supporting Files */ = {
			isa = PBXGroup;
			children = (
				73D7C3741B0AD31A00653A4C /* Unused */,
				739ABD4B1B0165C0009EFC0E /* LaunchScreen.xib */,
				739ABCB41B0162F6009EFC0E /* Info.plist */,
				739ABCB51B0162F6009EFC0E /* main.m */,
			);
			name = "Supporting Files";
			sourceTree = "<group>";
		};
		739ABCCC1B0162F6009EFC0E /* Hi InvestTests */ = {
			isa = PBXGroup;
			children = (
				739ABCCF1B0162F6009EFC0E /* Hi_InvestTests.m */,
				739ABCCD1B0162F6009EFC0E /* Supporting Files */,
			);
			path = "Hi InvestTests";
			sourceTree = "<group>";
		};
		739ABCCD1B0162F6009EFC0E /* Supporting Files */ = {
			isa = PBXGroup;
			children = (
				739ABCCE1B0162F6009EFC0E /* Info.plist */,
			);
			name = "Supporting Files";
			sourceTree = "<group>";
		};
		739ABCD91B01635C009EFC0E /* VIEW */ = {
			isa = PBXGroup;
			children = (
				73D7C3871B0AFAD900653A4C /* Custom Cells */,
				739ABD901B01672D009EFC0E /* Speech Bubble */,
				739ABD2C1B0164DB009EFC0E /* DefaultColors.h */,
				739ABD2D1B0164DB009EFC0E /* DefaultColors.m */,
			);
			name = VIEW;
			sourceTree = "<group>";
		};
		739ABCDF1B01639C009EFC0E /* NSManagedObject Subclasses */ = {
			isa = PBXGroup;
			children = (
				73442DCD1B13E81000F3A7ED /* Scenario.h */,
				73442DCE1B13E81000F3A7ED /* Scenario.m */,
				739ABD7F1B0166B9009EFC0E /* Report.h */,
				739ABD801B0166B9009EFC0E /* Report.m */,
				739ABD6E1B016661009EFC0E /* Price.h */,
				739ABD6F1B016661009EFC0E /* Price.m */,
				739ABD3F1B016544009EFC0E /* IncomeStatement.h */,
				739ABD401B016544009EFC0E /* IncomeStatement.m */,
				739ABCE01B0163B4009EFC0E /* BalanceSheet.h */,
				739ABCE11B0163B4009EFC0E /* BalanceSheet.m */,
				739ABCE71B0163E1009EFC0E /* CashFlow.h */,
				739ABCE81B0163E1009EFC0E /* CashFlow.m */,
				739ABD161B016453009EFC0E /* Company.h */,
				739ABD171B016453009EFC0E /* Company.m */,
			);
			name = "NSManagedObject Subclasses";
			sourceTree = "<group>";
		};
		739ABCEA1B0163EF009EFC0E /* Classes */ = {
			isa = PBXGroup;
			children = (
				739ABCEB1B0163EF009EFC0E /* BEMAnalogClock */,
				739ABCF01B0163EF009EFC0E /* BEMSimpleLineGraph */,
				739ABCFB1B0163EF009EFC0E /* RESideMenu */,
				739ABD021B0163EF009EFC0E /* XYPieChart */,
			);
			path = Classes;
			sourceTree = "<group>";
		};
		739ABCEB1B0163EF009EFC0E /* BEMAnalogClock */ = {
			isa = PBXGroup;
			children = (
				739ABCEC1B0163EF009EFC0E /* BEMAnalogClockView.h */,
				739ABCED1B0163EF009EFC0E /* BEMAnalogClockView.m */,
				739ABCEE1B0163EF009EFC0E /* KSMHand.h */,
				739ABCEF1B0163EF009EFC0E /* KSMHand.m */,
			);
			path = BEMAnalogClock;
			sourceTree = "<group>";
		};
		739ABCF01B0163EF009EFC0E /* BEMSimpleLineGraph */ = {
			isa = PBXGroup;
			children = (
				739ABCF11B0163EF009EFC0E /* BEMAverageLine.h */,
				739ABCF21B0163EF009EFC0E /* BEMAverageLine.m */,
				739ABCF31B0163EF009EFC0E /* BEMCircle.h */,
				739ABCF41B0163EF009EFC0E /* BEMCircle.m */,
				739ABCF51B0163EF009EFC0E /* BEMLine.h */,
				739ABCF61B0163EF009EFC0E /* BEMLine.m */,
				739ABCF71B0163EF009EFC0E /* BEMPermanentPopupView.h */,
				739ABCF81B0163EF009EFC0E /* BEMPermanentPopupView.m */,
				739ABCF91B0163EF009EFC0E /* BEMSimpleLineGraphView.h */,
				739ABCFA1B0163EF009EFC0E /* BEMSimpleLineGraphView.m */,
			);
			path = BEMSimpleLineGraph;
			sourceTree = "<group>";
		};
		739ABCFB1B0163EF009EFC0E /* RESideMenu */ = {
			isa = PBXGroup;
			children = (
				739ABCFC1B0163EF009EFC0E /* RECommonFunctions.h */,
				739ABCFD1B0163EF009EFC0E /* RECommonFunctions.m */,
				739ABCFE1B0163EF009EFC0E /* RESideMenu.h */,
				739ABCFF1B0163EF009EFC0E /* RESideMenu.m */,
				739ABD001B0163EF009EFC0E /* UIViewController+RESideMenu.h */,
				739ABD011B0163EF009EFC0E /* UIViewController+RESideMenu.m */,
			);
			path = RESideMenu;
			sourceTree = "<group>";
		};
		739ABD021B0163EF009EFC0E /* XYPieChart */ = {
			isa = PBXGroup;
			children = (
				739ABD031B0163EF009EFC0E /* XYPieChart.h */,
				739ABD041B0163EF009EFC0E /* XYPieChart.m */,
			);
			path = XYPieChart;
			sourceTree = "<group>";
		};
		739ABD101B016409009EFC0E /* Keys Headers */ = {
			isa = PBXGroup;
			children = (
				73E660641B3790ED003C7C91 /* TutorialKeys.h */,
				73BFF3F01B28E3710010F9E9 /* ParseUserKeys.h */,
				73BFF4011B2A01D20010F9E9 /* UserDefaultsKeys.h */,
				734A86C41B347B0600D1D60E /* ScenariosKeys.h */,
				739ABD7E1B016697009EFC0E /* RatiosKeys.h */,
				73442DDB1B14DC5900F3A7ED /* FictionalNamesKeys.h */,
				73EEC5761B04038900FAA1FE /* GlossaryKeys.h */,
				739ABD5D1B016626009EFC0E /* PortfolioKeys.h */,
				739ABD111B016426009EFC0E /* CompaniesInfoKeys.h */,
			);
			name = "Keys Headers";
			sourceTree = "<group>";
		};
		739ABD361B01650E009EFC0E /* Core Data */ = {
			isa = PBXGroup;
			children = (
				739ABD531B0165FC009EFC0E /* ManagedObjectContextCreator.h */,
				739ABD541B0165FC009EFC0E /* ManagedObjectContextCreator.m */,
				73D24BE41B1EBEBA001524C4 /* Game Activity */,
				73D24BE31B1EA81A001524C4 /* Scenario Databases */,
			);
			name = "Core Data";
			sourceTree = "<group>";
		};
		739ABD711B016674009EFC0E /* Quizzes */ = {
			isa = PBXGroup;
			children = (
				73D7C3821B0AD58E00653A4C /* Controller */,
				73D7C3831B0AD59900653A4C /* Model */,
			);
			name = Quizzes;
			sourceTree = "<group>";
		};
		739ABD901B01672D009EFC0E /* Speech Bubble */ = {
			isa = PBXGroup;
			children = (
				739ABD911B016740009EFC0E /* SpeechBubbleView.h */,
				739ABD921B016740009EFC0E /* SpeechBubbleView.m */,
			);
			name = "Speech Bubble";
			sourceTree = "<group>";
		};
		73BFF3D11B2897AA0010F9E9 /* Frameworks */ = {
			isa = PBXGroup;
			children = (
				73BFF3D41B2897C40010F9E9 /* Others */,
				73BFF3D31B2897BE0010F9E9 /* Parse */,
				73BFF3D21B2897B60010F9E9 /* Facebook */,
			);
			name = Frameworks;
			sourceTree = "<group>";
		};
		73BFF3D21B2897B60010F9E9 /* Facebook */ = {
			isa = PBXGroup;
			children = (
				73BFF3EE1B289F180010F9E9 /* FBSDKShareKit.framework */,
				73BFF3EC1B289F0C0010F9E9 /* FBSDKLoginKit.framework */,
				73BFF3B11B2893280010F9E9 /* FBSDKCoreKit.framework */,
			);
			name = Facebook;
			sourceTree = "<group>";
		};
		73BFF3D31B2897BE0010F9E9 /* Parse */ = {
			isa = PBXGroup;
			children = (
				73BFF3FD1B29534E0010F9E9 /* Parse.framework */,
				73BFF3FE1B29534E0010F9E9 /* ParseFacebookUtilsV4.framework */,
				73BFF3FB1B2953370010F9E9 /* Bolts.framework */,
			);
			name = Parse;
			sourceTree = "<group>";
		};
		73BFF3D41B2897C40010F9E9 /* Others */ = {
			isa = PBXGroup;
			children = (
				73BFF3CF1B2897810010F9E9 /* Social.framework */,
				73BFF3CD1B2897780010F9E9 /* Accounts.framework */,
				73BFF3CB1B28976F0010F9E9 /* libsqlite3.dylib */,
				73BFF3C91B28975F0010F9E9 /* libz.dylib */,
				73BFF3C71B2897510010F9E9 /* SystemConfiguration.framework */,
				73BFF3C51B2897480010F9E9 /* StoreKit.framework */,
				73BFF3C31B28973F0010F9E9 /* Security.framework */,
				73BFF3C11B2897320010F9E9 /* QuartzCore.framework */,
				73BFF3BF1B2897270010F9E9 /* MobileCoreServices.framework */,
				73BFF3BD1B28971E0010F9E9 /* CoreLocation.framework */,
				73BFF3BB1B2897180010F9E9 /* CoreGraphics.framework */,
				73BFF3B91B2897100010F9E9 /* CFNetwork.framework */,
				73BFF3B71B28970A0010F9E9 /* AudioToolbox.framework */,
			);
			name = Others;
			sourceTree = "<group>";
		};
		73D24BE31B1EA81A001524C4 /* Scenario Databases */ = {
			isa = PBXGroup;
			children = (
				739ABCDF1B01639C009EFC0E /* NSManagedObject Subclasses */,
				73E642C31B1E9093005609B0 /* DEMO_001A.sqlite */,
				73442DC81B13E72200F3A7ED /* DJI_001A.sqlite */,
				73442DC91B13E72900F3A7ED /* FinancialDataModel.xcdatamodeld */,
			);
			name = "Scenario Databases";
			sourceTree = "<group>";
		};
		73D24BE41B1EBEBA001524C4 /* Game Activity */ = {
			isa = PBXGroup;
			children = (
				73D24BE51B1EBEE1001524C4 /* Game Activity NSManagedObject Subclasses */,
				73D24BE61B1EBF4F001524C4 /* InvestingGameActivityDataModel.xcdatamodeld */,
			);
			name = "Game Activity";
			sourceTree = "<group>";
		};
		73D24BE51B1EBEE1001524C4 /* Game Activity NSManagedObject Subclasses */ = {
			isa = PBXGroup;
			children = (
				73BFF3541B27E6740010F9E9 /* Ticker.h */,
				73BFF3551B27E6740010F9E9 /* Ticker.m */,
				73BFF3511B27E6740010F9E9 /* HistoricalValue.h */,
				73BFF3521B27E6740010F9E9 /* HistoricalValue.m */,
				73BFF34E1B27E6740010F9E9 /* GameInfo.h */,
				73BFF34F1B27E6740010F9E9 /* GameInfo.m */,
				73BFF34B1B27E6730010F9E9 /* Transaction.h */,
				73BFF34C1B27E6730010F9E9 /* Transaction.m */,
				73D24C021B1FA1E1001524C4 /* GameInfo+Create.h */,
				73D24C031B1FA1E1001524C4 /* GameInfo+Create.m */,
				73D24C111B1FB05E001524C4 /* HistoricalValue+Create.h */,
				73D24C121B1FB05E001524C4 /* HistoricalValue+Create.m */,
				73D24C441B1FBF27001524C4 /* Transaction+Create.h */,
				73D24C451B1FBF27001524C4 /* Transaction+Create.m */,
				73D24C771B1FCCC9001524C4 /* Ticker+Create.h */,
				73D24C781B1FCCC9001524C4 /* Ticker+Create.m */,
			);
			name = "Game Activity NSManagedObject Subclasses";
			sourceTree = "<group>";
		};
		73D7C3741B0AD31A00653A4C /* Unused */ = {
			isa = PBXGroup;
			children = (
				739ABD451B0165A8009EFC0E /* InitialViewController.h */,
				739ABD461B0165A8009EFC0E /* InitialViewController.m */,
			);
			name = Unused;
			sourceTree = "<group>";
		};
		73D7C3751B0AD36E00653A4C /* User Info */ = {
			isa = PBXGroup;
			children = (
				73EEC57A1B040E9300FAA1FE /* UserAccount.h */,
				73EEC57B1B040E9300FAA1FE /* UserAccount.m */,
				73DEE4DC1B217FA1007B533C /* ScenarioPurchaseInfo.h */,
				73DEE4DD1B217FA1007B533C /* ScenarioPurchaseInfo.m */,
				73EEB9331B31E4C7009D9D2F /* FriendStore.h */,
				73EEB9341B31E4C7009D9D2F /* FriendStore.m */,
				73EEB9361B31E958009D9D2F /* Friend.h */,
				73EEB9371B31E958009D9D2F /* Friend.m */,
				73D7C3771B0AD37B00653A4C /* Controller */,
			);
			name = "User Info";
			sourceTree = "<group>";
		};
		73D7C3771B0AD37B00653A4C /* Controller */ = {
			isa = PBXGroup;
			children = (
				73D7C36D1B0A717F00653A4C /* UserAccountViewController.h */,
				73D7C36E1B0A717F00653A4C /* UserAccountViewController.m */,
				73BFF3481B2683EF0010F9E9 /* UserInfoViewController.h */,
				73BFF3491B2683EF0010F9E9 /* UserInfoViewController.m */,
				73DEE4D61B2170E6007B533C /* FriendsViewController.h */,
				73DEE4D71B2170E6007B533C /* FriendsViewController.m */,
				73DEE4DF1B218240007B533C /* ScenarioInfoViewController.h */,
				73DEE4E01B218240007B533C /* ScenarioInfoViewController.m */,
			);
			name = Controller;
			sourceTree = "<group>";
		};
		73D7C3781B0AD43100653A4C /* Simulator */ = {
			isa = PBXGroup;
			children = (
				73D7C37A1B0AD44000653A4C /* Controller */,
				73D7C3791B0AD43B00653A4C /* Model */,
			);
			name = Simulator;
			sourceTree = "<group>";
		};
		73D7C3791B0AD43B00653A4C /* Model */ = {
			isa = PBXGroup;
			children = (
				739ABD481B0165B9009EFC0E /* InvestingGame.h */,
				739ABD491B0165B9009EFC0E /* InvestingGame.m */,
				73442DD41B1407D200F3A7ED /* CompanyDisguiseManager.h */,
				73442DD51B1407D200F3A7ED /* CompanyDisguiseManager.m */,
				739ABD331B016505009EFC0E /* FinancialDatabaseManager.h */,
				739ABD341B016505009EFC0E /* FinancialDatabaseManager.m */,
				739ABD571B01660D009EFC0E /* Portfolio.h */,
				739ABD581B01660D009EFC0E /* Portfolio.m */,
				739ABD5E1B01662E009EFC0E /* PortfolioPicture.h */,
				739ABD5F1B01662E009EFC0E /* PortfolioPicture.m */,
				739ABD941B01674E009EFC0E /* StockInvestment.h */,
				739ABD951B01674E009EFC0E /* StockInvestment.m */,
				73442DBE1B12805B00F3A7ED /* Dividend.h */,
				73442DBF1B12805B00F3A7ED /* Dividend.m */,
			);
			name = Model;
			sourceTree = "<group>";
		};
		73D7C37A1B0AD44000653A4C /* Controller */ = {
			isa = PBXGroup;
			children = (
				73D7C3841B0AD86C00653A4C /* SimulatorTabBarController.h */,
				73D7C3851B0AD86C00653A4C /* SimulatorTabBarController.m */,
				73D7C37E1B0AD4F600653A4C /* Companies */,
				73D7C37F1B0AD50900653A4C /* Portfolio */,
				73442DC11B137FEA00F3A7ED /* Activity */,
				739ABD971B01675C009EFC0E /* TimeSimulationViewController.h */,
				739ABD981B01675C009EFC0E /* TimeSimulationViewController.m */,
				739ABD8D1B01671E009EFC0E /* SimulatorInfoViewController.h */,
				739ABD8E1B01671E009EFC0E /* SimulatorInfoViewController.m */,
				739ABD421B01656B009EFC0E /* InfoPageContentViewController.h */,
				739ABD431B01656B009EFC0E /* InfoPageContentViewController.m */,
			);
			name = Controller;
			sourceTree = "<group>";
		};
		73D7C37B1B0AD49B00653A4C /* Menu */ = {
			isa = PBXGroup;
			children = (
				73D7C37D1B0AD4AA00653A4C /* Controller */,
			);
			name = Menu;
			sourceTree = "<group>";
		};
		73D7C37D1B0AD4AA00653A4C /* Controller */ = {
			isa = PBXGroup;
			children = (
				739ABD8A1B01670B009EFC0E /* SideMenuRootViewController.h */,
				739ABD8B1B01670B009EFC0E /* SideMenuRootViewController.m */,
				739ABD4E1B0165E6009EFC0E /* LeftMenuViewController.h */,
				739ABD4F1B0165E6009EFC0E /* LeftMenuViewController.m */,
			);
			name = Controller;
			sourceTree = "<group>";
		};
		73D7C37E1B0AD4F600653A4C /* Companies */ = {
			isa = PBXGroup;
			children = (
				739ABD871B0166FC009EFC0E /* SelectOrderingValueViewController.h */,
				739ABD881B0166FC009EFC0E /* SelectOrderingValueViewController.m */,
				739ABCE41B0163D8009EFC0E /* BuySellTableViewController.h */,
				739ABCE51B0163D8009EFC0E /* BuySellTableViewController.m */,
				739ABD131B01644B009EFC0E /* CompaniesViewController.h */,
				739ABD141B01644B009EFC0E /* CompaniesViewController.m */,
				739ABD191B01645F009EFC0E /* CompanyInfoViewController.h */,
				739ABD1A1B01645F009EFC0E /* CompanyInfoViewController.m */,
				739ABD1C1B016466009EFC0E /* CompanyRatioInfoViewController.h */,
				739ABD1D1B016466009EFC0E /* CompanyRatioInfoViewController.m */,
			);
			name = Companies;
			sourceTree = "<group>";
		};
		73D7C37F1B0AD50900653A4C /* Portfolio */ = {
			isa = PBXGroup;
			children = (
				739ABD681B016656009EFC0E /* PortfolioTableViewController.h */,
				739ABD691B016656009EFC0E /* PortfolioTableViewController.m */,
				739ABD621B016656009EFC0E /* PortfolioPieChartViewController.h */,
				739ABD631B016656009EFC0E /* PortfolioPieChartViewController.m */,
				739ABD661B016656009EFC0E /* PortfolioStockInfoViewController.h */,
				739ABD671B016656009EFC0E /* PortfolioStockInfoViewController.m */,
				739ABD641B016656009EFC0E /* PortfolioStockInfoContainerViewController.h */,
				739ABD651B016656009EFC0E /* PortfolioStockInfoContainerViewController.m */,
			);
			name = Portfolio;
			sourceTree = "<group>";
		};
		73D7C3801B0AD56B00653A4C /* Glossary */ = {
			isa = PBXGroup;
			children = (
				73D7C3811B0AD57900653A4C /* Controller */,
			);
			name = Glossary;
			sourceTree = "<group>";
		};
		73D7C3811B0AD57900653A4C /* Controller */ = {
			isa = PBXGroup;
			children = (
				73D7C3671B096A6B00653A4C /* GlossarySelectionViewController.h */,
				73D7C3681B096A6B00653A4C /* GlossarySelectionViewController.m */,
				73D7C36A1B0971A700653A4C /* GlossaryViewController.h */,
				73D7C36B1B0971A700653A4C /* GlossaryViewController.m */,
				739ABD301B0164F8009EFC0E /* DefinitionViewController.h */,
				739ABD311B0164F8009EFC0E /* DefinitionViewController.m */,
			);
			name = Controller;
			sourceTree = "<group>";
		};
		73D7C3821B0AD58E00653A4C /* Controller */ = {
			isa = PBXGroup;
			children = (
				739ABD761B016686009EFC0E /* QuizSelectionViewController.h */,
				739ABD771B016686009EFC0E /* QuizSelectionViewController.m */,
				739ABD781B016686009EFC0E /* QuizViewController.h */,
				739ABD791B016686009EFC0E /* QuizViewController.m */,
				734A86B81B3383A700D1D60E /* LevelUpViewController.h */,
				734A86B91B3383A700D1D60E /* LevelUpViewController.m */,
			);
			name = Controller;
			sourceTree = "<group>";
		};
		73D7C3831B0AD59900653A4C /* Model */ = {
			isa = PBXGroup;
			children = (
				739ABD721B016686009EFC0E /* QuizQuestion.h */,
				739ABD731B016686009EFC0E /* QuizQuestion.m */,
				73EEC57E1B042FEA00FAA1FE /* Quiz.h */,
				73EEC57F1B042FEA00FAA1FE /* Quiz.m */,
				73EEC5841B0449EE00FAA1FE /* QuizGenerator.h */,
				73EEC5851B0449EE00FAA1FE /* QuizGenerator.m */,
			);
			name = Model;
			sourceTree = "<group>";
		};
		73D7C3871B0AFAD900653A4C /* Custom Cells */ = {
			isa = PBXGroup;
			children = (
				73BFF3421B2672270010F9E9 /* GameTableViewCell.h */,
				73BFF3431B2672270010F9E9 /* GameTableViewCell.m */,
				73DEE4D91B21731C007B533C /* FriendTableViewCell.h */,
				73DEE4DA1B21731C007B533C /* FriendTableViewCell.m */,
				73E642BD1B1E4CA5005609B0 /* ScenarioTableViewCell.h */,
				73E642BE1B1E4CA5005609B0 /* ScenarioTableViewCell.m */,
				739ABD201B01647F009EFC0E /* CompanyTableViewCell.h */,
				739ABD211B01647F009EFC0E /* CompanyTableViewCell.m */,
				73D7C3881B0AFB2800653A4C /* QuizTableViewCell.h */,
				73D7C3891B0AFB2800653A4C /* QuizTableViewCell.m */,
				73442DC21B139B4600F3A7ED /* TransactionTableViewCell.h */,
				73442DC31B139B4600F3A7ED /* TransactionTableViewCell.m */,
			);
			name = "Custom Cells";
			sourceTree = "<group>";
		};
		73E660651B3790F3003C7C91 /* Tutorial */ = {
			isa = PBXGroup;
			children = (
				73E660611B3789E4003C7C91 /* TutorialScreenViewController.h */,
				73E660621B3789E4003C7C91 /* TutorialScreenViewController.m */,
			);
			name = Tutorial;
			sourceTree = "<group>";
		};
		73E660691B37EFB9003C7C91 /* Intro */ = {
			isa = PBXGroup;
			children = (
				73D7C3711B0A7E0700653A4C /* SignupLoginViewController.h */,
				73D7C3721B0A7E0700653A4C /* SignupLoginViewController.m */,
				73E6606A1B37F09D003C7C91 /* IntroViewController.h */,
				73E6606B1B37F09D003C7C91 /* IntroViewController.m */,
				73E660661B37EFB5003C7C91 /* IntroPageContentViewController.h */,
				73E660671B37EFB5003C7C91 /* IntroPageContentViewController.m */,
			);
			name = Intro;
			sourceTree = "<group>";
		};
/* End PBXGroup section */

/* Begin PBXNativeTarget section */
		739ABCAF1B0162F6009EFC0E /* Hi Invest */ = {
			isa = PBXNativeTarget;
			buildConfigurationList = 739ABCD31B0162F7009EFC0E /* Build configuration list for PBXNativeTarget "Hi Invest" */;
			buildPhases = (
				739ABCAC1B0162F6009EFC0E /* Sources */,
				739ABCAD1B0162F6009EFC0E /* Frameworks */,
				739ABCAE1B0162F6009EFC0E /* Resources */,
			);
			buildRules = (
			);
			dependencies = (
			);
			name = "Hi Invest";
			productName = "Hi Invest";
			productReference = 739ABCB01B0162F6009EFC0E /* Hi Invest.app */;
			productType = "com.apple.product-type.application";
		};
		739ABCC81B0162F6009EFC0E /* Hi InvestTests */ = {
			isa = PBXNativeTarget;
			buildConfigurationList = 739ABCD61B0162F7009EFC0E /* Build configuration list for PBXNativeTarget "Hi InvestTests" */;
			buildPhases = (
				739ABCC51B0162F6009EFC0E /* Sources */,
				739ABCC61B0162F6009EFC0E /* Frameworks */,
				739ABCC71B0162F6009EFC0E /* Resources */,
			);
			buildRules = (
			);
			dependencies = (
				739ABCCB1B0162F6009EFC0E /* PBXTargetDependency */,
			);
			name = "Hi InvestTests";
			productName = "Hi InvestTests";
			productReference = 739ABCC91B0162F6009EFC0E /* Hi InvestTests.xctest */;
			productType = "com.apple.product-type.bundle.unit-test";
		};
/* End PBXNativeTarget section */

/* Begin PBXProject section */
		739ABCA81B0162F6009EFC0E /* Project object */ = {
			isa = PBXProject;
			attributes = {
				LastUpgradeCheck = 0630;
				ORGANIZATIONNAME = Villou;
				TargetAttributes = {
					739ABCAF1B0162F6009EFC0E = {
						CreatedOnToolsVersion = 6.3;
						DevelopmentTeam = 9F26XL4W94;
					};
					739ABCC81B0162F6009EFC0E = {
						CreatedOnToolsVersion = 6.3;
						TestTargetID = 739ABCAF1B0162F6009EFC0E;
					};
				};
			};
			buildConfigurationList = 739ABCAB1B0162F6009EFC0E /* Build configuration list for PBXProject "Hi Invest" */;
			compatibilityVersion = "Xcode 3.2";
			developmentRegion = English;
			hasScannedForEncodings = 0;
			knownRegions = (
				en,
				Base,
			);
			mainGroup = 739ABCA71B0162F6009EFC0E;
			productRefGroup = 739ABCB11B0162F6009EFC0E /* Products */;
			projectDirPath = "";
			projectRoot = "";
			targets = (
				739ABCAF1B0162F6009EFC0E /* Hi Invest */,
				739ABCC81B0162F6009EFC0E /* Hi InvestTests */,
			);
		};
/* End PBXProject section */

/* Begin PBXResourcesBuildPhase section */
		739ABCAE1B0162F6009EFC0E /* Resources */ = {
			isa = PBXResourcesBuildPhase;
			buildActionMask = 2147483647;
			files = (
				73E642C41B1E9110005609B0 /* DEMO_001A.sqlite in Resources */,
				73442DCC1B13E74D00F3A7ED /* DJI_001A.sqlite in Resources */,
				739ABD521B0165EE009EFC0E /* Main_iPhone.storyboard in Resources */,
				739ABD4C1B0165C0009EFC0E /* LaunchScreen.xib in Resources */,
				739ABD3E1B016536009EFC0E /* Images.xcassets in Resources */,
			);
			runOnlyForDeploymentPostprocessing = 0;
		};
		739ABCC71B0162F6009EFC0E /* Resources */ = {
			isa = PBXResourcesBuildPhase;
			buildActionMask = 2147483647;
			files = (
			);
			runOnlyForDeploymentPostprocessing = 0;
		};
/* End PBXResourcesBuildPhase section */

/* Begin PBXSourcesBuildPhase section */
		739ABCAC1B0162F6009EFC0E /* Sources */ = {
			isa = PBXSourcesBuildPhase;
			buildActionMask = 2147483647;
			files = (
				739ABD091B0163EF009EFC0E /* BEMLine.m in Sources */,
				739ABD2E1B0164DB009EFC0E /* DefaultColors.m in Sources */,
				73D24BE81B1EBF4F001524C4 /* InvestingGameActivityDataModel.xcdatamodeld in Sources */,
				739ABD7C1B016686009EFC0E /* QuizSelectionViewController.m in Sources */,
				73EEC57C1B040E9300FAA1FE /* UserAccount.m in Sources */,
				73EEB9381B31E958009D9D2F /* Friend.m in Sources */,
				73442DC41B139B4600F3A7ED /* TransactionTableViewCell.m in Sources */,
				739ABCDE1B016390009EFC0E /* AppDelegate.m in Sources */,
				734A86BA1B3383A700D1D60E /* LevelUpViewController.m in Sources */,
				73D24C461B1FBF27001524C4 /* Transaction+Create.m in Sources */,
				73EEC5801B042FEA00FAA1FE /* Quiz.m in Sources */,
				739ABD7A1B016686009EFC0E /* QuizQuestion.m in Sources */,
				739ABD0E1B0163EF009EFC0E /* UIViewController+RESideMenu.m in Sources */,
				73BFF3501B27E6740010F9E9 /* GameInfo.m in Sources */,
				739ABD0C1B0163EF009EFC0E /* RECommonFunctions.m in Sources */,
				739ABD551B0165FC009EFC0E /* ManagedObjectContextCreator.m in Sources */,
				73D7C3861B0AD86C00653A4C /* SimulatorTabBarController.m in Sources */,
				739ABD231B01647F009EFC0E /* CompanyTableViewCell.m in Sources */,
				739ABD7D1B016686009EFC0E /* QuizViewController.m in Sources */,
				73D7C3691B096A6B00653A4C /* GlossarySelectionViewController.m in Sources */,
				73442DCB1B13E72900F3A7ED /* FinancialDataModel.xcdatamodeld in Sources */,
				734A86C31B33CEC900D1D60E /* LicensesViewController.m in Sources */,
				739ABD0B1B0163EF009EFC0E /* BEMSimpleLineGraphView.m in Sources */,
				739ABCE21B0163B4009EFC0E /* BalanceSheet.m in Sources */,
				73D7C38B1B0AFB2800653A4C /* QuizTableViewCell.m in Sources */,
				73E660631B3789E4003C7C91 /* TutorialScreenViewController.m in Sources */,
				739ABD8F1B01671E009EFC0E /* SimulatorInfoViewController.m in Sources */,
				739ABD351B016505009EFC0E /* FinancialDatabaseManager.m in Sources */,
				739ABD471B0165A8009EFC0E /* InitialViewController.m in Sources */,
				739ABD591B01660D009EFC0E /* Portfolio.m in Sources */,
				739ABD501B0165E6009EFC0E /* LeftMenuViewController.m in Sources */,
				73BFF3531B27E6740010F9E9 /* HistoricalValue.m in Sources */,
				73D7C36C1B0971A700653A4C /* GlossaryViewController.m in Sources */,
				73442DD61B1407D200F3A7ED /* CompanyDisguiseManager.m in Sources */,
				73D24C131B1FB05E001524C4 /* HistoricalValue+Create.m in Sources */,
				739ABD6D1B016656009EFC0E /* PortfolioTableViewController.m in Sources */,
				739ABD0A1B0163EF009EFC0E /* BEMPermanentPopupView.m in Sources */,
				73E6606C1B37F09D003C7C91 /* IntroViewController.m in Sources */,
				739ABD181B016453009EFC0E /* Company.m in Sources */,
				739ABD0D1B0163EF009EFC0E /* RESideMenu.m in Sources */,
				739ABD6B1B016656009EFC0E /* PortfolioStockInfoContainerViewController.m in Sources */,
				739ABD6C1B016656009EFC0E /* PortfolioStockInfoViewController.m in Sources */,
				73DEE4D81B2170E6007B533C /* FriendsViewController.m in Sources */,
				739ABD6A1B016656009EFC0E /* PortfolioPieChartViewController.m in Sources */,
				739ABD0F1B0163EF009EFC0E /* XYPieChart.m in Sources */,
				73EEC5861B0449EE00FAA1FE /* QuizGenerator.m in Sources */,
				73E966D21B10EA5600431AAC /* PortfolioActivityViewController.m in Sources */,
				73442DCF1B13E81000F3A7ED /* Scenario.m in Sources */,
				73BFF3441B2672270010F9E9 /* GameTableViewCell.m in Sources */,
				73DEE4E11B218240007B533C /* ScenarioInfoViewController.m in Sources */,
				739ABD601B01662E009EFC0E /* PortfolioPicture.m in Sources */,
				739ABD811B0166B9009EFC0E /* Report.m in Sources */,
				739ABD321B0164F8009EFC0E /* DefinitionViewController.m in Sources */,
				73442DE21B1672E800F3A7ED /* SettingsTableViewController.m in Sources */,
				739ABD1B1B01645F009EFC0E /* CompanyInfoViewController.m in Sources */,
				739ABD071B0163EF009EFC0E /* BEMAverageLine.m in Sources */,
				739ABD701B016661009EFC0E /* Price.m in Sources */,
				73E660681B37EFB5003C7C91 /* IntroPageContentViewController.m in Sources */,
				734A86C01B33B62200D1D60E /* AboutTableViewController.m in Sources */,
				739ABD441B01656B009EFC0E /* InfoPageContentViewController.m in Sources */,
				739ABD151B01644B009EFC0E /* CompaniesViewController.m in Sources */,
				73D7C36F1B0A717F00653A4C /* UserAccountViewController.m in Sources */,
				739ABD931B016740009EFC0E /* SpeechBubbleView.m in Sources */,
				739ABD051B0163EF009EFC0E /* BEMAnalogClockView.m in Sources */,
				739ABCE91B0163E1009EFC0E /* CashFlow.m in Sources */,
				73E642BF1B1E4CA5005609B0 /* ScenarioTableViewCell.m in Sources */,
				73BFF34A1B2683EF0010F9E9 /* UserInfoViewController.m in Sources */,
				73DEE4DE1B217FA1007B533C /* ScenarioPurchaseInfo.m in Sources */,
				73442DC01B12805B00F3A7ED /* Dividend.m in Sources */,
				739ABD411B016544009EFC0E /* IncomeStatement.m in Sources */,
				739ABCE61B0163D8009EFC0E /* BuySellTableViewController.m in Sources */,
				739ABD961B01674E009EFC0E /* StockInvestment.m in Sources */,
				739ABD991B01675C009EFC0E /* TimeSimulationViewController.m in Sources */,
				73EEB9351B31E4C7009D9D2F /* FriendStore.m in Sources */,
				739ABD1E1B016466009EFC0E /* CompanyRatioInfoViewController.m in Sources */,
				73D7C3731B0A7E0700653A4C /* SignupLoginViewController.m in Sources */,
				73BFF3561B27E6740010F9E9 /* Ticker.m in Sources */,
				739ABD8C1B01670B009EFC0E /* SideMenuRootViewController.m in Sources */,
				73DEE4DB1B21731C007B533C /* FriendTableViewCell.m in Sources */,
				73D24C791B1FCCC9001524C4 /* Ticker+Create.m in Sources */,
				739ABD4A1B0165B9009EFC0E /* InvestingGame.m in Sources */,
				739ABD891B0166FC009EFC0E /* SelectOrderingValueViewController.m in Sources */,
				739ABCB61B0162F6009EFC0E /* main.m in Sources */,
				739ABD061B0163EF009EFC0E /* KSMHand.m in Sources */,
				739ABD081B0163EF009EFC0E /* BEMCircle.m in Sources */,
				73BFF34D1B27E6730010F9E9 /* Transaction.m in Sources */,
				73D24C041B1FA1E1001524C4 /* GameInfo+Create.m in Sources */,
			);
			runOnlyForDeploymentPostprocessing = 0;
		};
		739ABCC51B0162F6009EFC0E /* Sources */ = {
			isa = PBXSourcesBuildPhase;
			buildActionMask = 2147483647;
			files = (
				739ABCD01B0162F6009EFC0E /* Hi_InvestTests.m in Sources */,
			);
			runOnlyForDeploymentPostprocessing = 0;
		};
/* End PBXSourcesBuildPhase section */

/* Begin PBXTargetDependency section */
		739ABCCB1B0162F6009EFC0E /* PBXTargetDependency */ = {
			isa = PBXTargetDependency;
			target = 739ABCAF1B0162F6009EFC0E /* Hi Invest */;
			targetProxy = 739ABCCA1B0162F6009EFC0E /* PBXContainerItemProxy */;
		};
/* End PBXTargetDependency section */

/* Begin XCBuildConfiguration section */
		739ABCD11B0162F6009EFC0E /* Debug */ = {
			isa = XCBuildConfiguration;
			buildSettings = {
				ALWAYS_SEARCH_USER_PATHS = NO;
				CLANG_CXX_LANGUAGE_STANDARD = "gnu++0x";
				CLANG_CXX_LIBRARY = "libc++";
				CLANG_ENABLE_MODULES = YES;
				CLANG_ENABLE_OBJC_ARC = YES;
				CLANG_WARN_BOOL_CONVERSION = YES;
				CLANG_WARN_CONSTANT_CONVERSION = YES;
				CLANG_WARN_DIRECT_OBJC_ISA_USAGE = YES_ERROR;
				CLANG_WARN_EMPTY_BODY = YES;
				CLANG_WARN_ENUM_CONVERSION = YES;
				CLANG_WARN_INT_CONVERSION = YES;
				CLANG_WARN_OBJC_ROOT_CLASS = YES_ERROR;
				CLANG_WARN_UNREACHABLE_CODE = YES;
				CLANG_WARN__DUPLICATE_METHOD_MATCH = YES;
				"CODE_SIGN_IDENTITY[sdk=iphoneos*]" = "iPhone Developer";
				COPY_PHASE_STRIP = NO;
				DEBUG_INFORMATION_FORMAT = "dwarf-with-dsym";
				ENABLE_STRICT_OBJC_MSGSEND = YES;
				GCC_C_LANGUAGE_STANDARD = gnu99;
				GCC_DYNAMIC_NO_PIC = NO;
				GCC_NO_COMMON_BLOCKS = YES;
				GCC_OPTIMIZATION_LEVEL = 0;
				GCC_PREPROCESSOR_DEFINITIONS = (
					"DEBUG=1",
					"$(inherited)",
				);
				GCC_SYMBOLS_PRIVATE_EXTERN = NO;
				GCC_WARN_64_TO_32_BIT_CONVERSION = YES;
				GCC_WARN_ABOUT_RETURN_TYPE = YES_ERROR;
				GCC_WARN_UNDECLARED_SELECTOR = YES;
				GCC_WARN_UNINITIALIZED_AUTOS = YES_AGGRESSIVE;
				GCC_WARN_UNUSED_FUNCTION = YES;
				GCC_WARN_UNUSED_VARIABLE = YES;
				IPHONEOS_DEPLOYMENT_TARGET = 8.0;
				MTL_ENABLE_DEBUG_INFO = YES;
				ONLY_ACTIVE_ARCH = YES;
				SDKROOT = iphoneos;
			};
			name = Debug;
		};
		739ABCD21B0162F6009EFC0E /* Release */ = {
			isa = XCBuildConfiguration;
			buildSettings = {
				ALWAYS_SEARCH_USER_PATHS = NO;
				CLANG_CXX_LANGUAGE_STANDARD = "gnu++0x";
				CLANG_CXX_LIBRARY = "libc++";
				CLANG_ENABLE_MODULES = YES;
				CLANG_ENABLE_OBJC_ARC = YES;
				CLANG_WARN_BOOL_CONVERSION = YES;
				CLANG_WARN_CONSTANT_CONVERSION = YES;
				CLANG_WARN_DIRECT_OBJC_ISA_USAGE = YES_ERROR;
				CLANG_WARN_EMPTY_BODY = YES;
				CLANG_WARN_ENUM_CONVERSION = YES;
				CLANG_WARN_INT_CONVERSION = YES;
				CLANG_WARN_OBJC_ROOT_CLASS = YES_ERROR;
				CLANG_WARN_UNREACHABLE_CODE = YES;
				CLANG_WARN__DUPLICATE_METHOD_MATCH = YES;
				"CODE_SIGN_IDENTITY[sdk=iphoneos*]" = "iPhone Developer";
				COPY_PHASE_STRIP = NO;
				DEBUG_INFORMATION_FORMAT = "dwarf-with-dsym";
				ENABLE_NS_ASSERTIONS = NO;
				ENABLE_STRICT_OBJC_MSGSEND = YES;
				GCC_C_LANGUAGE_STANDARD = gnu99;
				GCC_NO_COMMON_BLOCKS = YES;
				GCC_WARN_64_TO_32_BIT_CONVERSION = YES;
				GCC_WARN_ABOUT_RETURN_TYPE = YES_ERROR;
				GCC_WARN_UNDECLARED_SELECTOR = YES;
				GCC_WARN_UNINITIALIZED_AUTOS = YES_AGGRESSIVE;
				GCC_WARN_UNUSED_FUNCTION = YES;
				GCC_WARN_UNUSED_VARIABLE = YES;
				IPHONEOS_DEPLOYMENT_TARGET = 8.0;
				MTL_ENABLE_DEBUG_INFO = NO;
				SDKROOT = iphoneos;
				VALIDATE_PRODUCT = YES;
			};
			name = Release;
		};
		739ABCD41B0162F7009EFC0E /* Debug */ = {
			isa = XCBuildConfiguration;
			buildSettings = {
				ASSETCATALOG_COMPILER_APPICON_NAME = AppIcon;
				CODE_SIGN_IDENTITY = "iPhone Developer";
				"CODE_SIGN_IDENTITY[sdk=iphoneos*]" = "iPhone Developer";
				FRAMEWORK_SEARCH_PATHS = (
					"$(inherited)",
					/Users/crvo/Documents/FacebookSDK,
					"$(PROJECT_DIR)/\"Hi Invest\"",
				);
				INFOPLIST_FILE = "Hi Invest/Info.plist";
				LD_RUNPATH_SEARCH_PATHS = "$(inherited) @executable_path/Frameworks";
				PRODUCT_NAME = "$(TARGET_NAME)";
				PROVISIONING_PROFILE = "";
			};
			name = Debug;
		};
		739ABCD51B0162F7009EFC0E /* Release */ = {
			isa = XCBuildConfiguration;
			buildSettings = {
				ASSETCATALOG_COMPILER_APPICON_NAME = AppIcon;
				CODE_SIGN_IDENTITY = "iPhone Developer";
				"CODE_SIGN_IDENTITY[sdk=iphoneos*]" = "iPhone Developer";
				FRAMEWORK_SEARCH_PATHS = (
					"$(inherited)",
					/Users/crvo/Documents/FacebookSDK,
					"$(PROJECT_DIR)/\"Hi Invest\"",
				);
				INFOPLIST_FILE = "Hi Invest/Info.plist";
				LD_RUNPATH_SEARCH_PATHS = "$(inherited) @executable_path/Frameworks";
				PRODUCT_NAME = "$(TARGET_NAME)";
				PROVISIONING_PROFILE = "";
			};
			name = Release;
		};
		739ABCD71B0162F7009EFC0E /* Debug */ = {
			isa = XCBuildConfiguration;
			buildSettings = {
				BUNDLE_LOADER = "$(TEST_HOST)";
				FRAMEWORK_SEARCH_PATHS = (
					"$(SDKROOT)/Developer/Library/Frameworks",
					"$(inherited)",
				);
				GCC_PREPROCESSOR_DEFINITIONS = (
					"DEBUG=1",
					"$(inherited)",
				);
				INFOPLIST_FILE = "Hi InvestTests/Info.plist";
				LD_RUNPATH_SEARCH_PATHS = "$(inherited) @executable_path/Frameworks @loader_path/Frameworks";
				PRODUCT_NAME = "$(TARGET_NAME)";
				TEST_HOST = "$(BUILT_PRODUCTS_DIR)/Hi Invest.app/Hi Invest";
			};
			name = Debug;
		};
		739ABCD81B0162F7009EFC0E /* Release */ = {
			isa = XCBuildConfiguration;
			buildSettings = {
				BUNDLE_LOADER = "$(TEST_HOST)";
				FRAMEWORK_SEARCH_PATHS = (
					"$(SDKROOT)/Developer/Library/Frameworks",
					"$(inherited)",
				);
				INFOPLIST_FILE = "Hi InvestTests/Info.plist";
				LD_RUNPATH_SEARCH_PATHS = "$(inherited) @executable_path/Frameworks @loader_path/Frameworks";
				PRODUCT_NAME = "$(TARGET_NAME)";
				TEST_HOST = "$(BUILT_PRODUCTS_DIR)/Hi Invest.app/Hi Invest";
			};
			name = Release;
		};
/* End XCBuildConfiguration section */

/* Begin XCConfigurationList section */
		739ABCAB1B0162F6009EFC0E /* Build configuration list for PBXProject "Hi Invest" */ = {
			isa = XCConfigurationList;
			buildConfigurations = (
				739ABCD11B0162F6009EFC0E /* Debug */,
				739ABCD21B0162F6009EFC0E /* Release */,
			);
			defaultConfigurationIsVisible = 0;
			defaultConfigurationName = Release;
		};
		739ABCD31B0162F7009EFC0E /* Build configuration list for PBXNativeTarget "Hi Invest" */ = {
			isa = XCConfigurationList;
			buildConfigurations = (
				739ABCD41B0162F7009EFC0E /* Debug */,
				739ABCD51B0162F7009EFC0E /* Release */,
			);
			defaultConfigurationIsVisible = 0;
			defaultConfigurationName = Release;
		};
		739ABCD61B0162F7009EFC0E /* Build configuration list for PBXNativeTarget "Hi InvestTests" */ = {
			isa = XCConfigurationList;
			buildConfigurations = (
				739ABCD71B0162F7009EFC0E /* Debug */,
				739ABCD81B0162F7009EFC0E /* Release */,
			);
			defaultConfigurationIsVisible = 0;
			defaultConfigurationName = Release;
		};
/* End XCConfigurationList section */

/* Begin XCVersionGroup section */
		73442DC91B13E72900F3A7ED /* FinancialDataModel.xcdatamodeld */ = {
			isa = XCVersionGroup;
			children = (
				73442DCA1B13E72900F3A7ED /* FinancialDataModel.xcdatamodel */,
			);
			currentVersion = 73442DCA1B13E72900F3A7ED /* FinancialDataModel.xcdatamodel */;
			path = FinancialDataModel.xcdatamodeld;
			sourceTree = "<group>";
			versionGroupType = wrapper.xcdatamodel;
		};
		73D24BE61B1EBF4F001524C4 /* InvestingGameActivityDataModel.xcdatamodeld */ = {
			isa = XCVersionGroup;
			children = (
				73D24BE71B1EBF4F001524C4 /* InvestingGameActivityDataModel.xcdatamodel */,
			);
			currentVersion = 73D24BE71B1EBF4F001524C4 /* InvestingGameActivityDataModel.xcdatamodel */;
			path = InvestingGameActivityDataModel.xcdatamodeld;
			sourceTree = "<group>";
			versionGroupType = wrapper.xcdatamodel;
		};
/* End XCVersionGroup section */
	};
	rootObject = 739ABCA81B0162F6009EFC0E /* Project object */;
}
